// !$*UTF8*$!
{
	archiveVersion = 1;
	classes = {
	};
	objectVersion = 50;
	objects = {

/* Begin PBXBuildFile section */
		8C4FB92F20FC4890004764DE /* AppDelegate.m in Sources */ = {isa = PBXBuildFile; fileRef = 8C4FB92E20FC4890004764DE /* AppDelegate.m */; };
		8C4FB93220FC4890004764DE /* ViewController.m in Sources */ = {isa = PBXBuildFile; fileRef = 8C4FB93120FC4890004764DE /* ViewController.m */; };
		8C4FB93520FC4890004764DE /* Main.storyboard in Resources */ = {isa = PBXBuildFile; fileRef = 8C4FB93320FC4890004764DE /* Main.storyboard */; };
		8C4FB93820FC4890004764DE /* practice_alex_h.xcdatamodeld in Sources */ = {isa = PBXBuildFile; fileRef = 8C4FB93620FC4890004764DE /* practice_alex_h.xcdatamodeld */; };
		8C4FB93A20FC4894004764DE /* Assets.xcassets in Resources */ = {isa = PBXBuildFile; fileRef = 8C4FB93920FC4894004764DE /* Assets.xcassets */; };
		8C4FB93D20FC4894004764DE /* LaunchScreen.storyboard in Resources */ = {isa = PBXBuildFile; fileRef = 8C4FB93B20FC4894004764DE /* LaunchScreen.storyboard */; };
		8C4FB94020FC4894004764DE /* main.m in Sources */ = {isa = PBXBuildFile; fileRef = 8C4FB93F20FC4894004764DE /* main.m */; };
		8C4FB94920FC4951004764DE /* pra_NSAffineTransform.m in Sources */ = {isa = PBXBuildFile; fileRef = 8C4FB94820FC4951004764DE /* pra_NSAffineTransform.m */; };
		8CA469EE20FC4BF000CC05CE /* pra_NSClandar.m in Sources */ = {isa = PBXBuildFile; fileRef = 8CA469ED20FC4BF000CC05CE /* pra_NSClandar.m */; };
		8CA469F120FC4BFC00CC05CE /* pra_NSCache.m in Sources */ = {isa = PBXBuildFile; fileRef = 8CA469F020FC4BFC00CC05CE /* pra_NSCache.m */; };
		8CA469F420FC4C2700CC05CE /* pra_NSdata_about.m in Sources */ = {isa = PBXBuildFile; fileRef = 8CA469F320FC4C2700CC05CE /* pra_NSdata_about.m */; };
		8CA469F720FC4C3800CC05CE /* pra_NSDate_about.m in Sources */ = {isa = PBXBuildFile; fileRef = 8CA469F620FC4C3800CC05CE /* pra_NSDate_about.m */; };
		8CA469FA20FC4C8B00CC05CE /* pra_NSdateCompnents.m in Sources */ = {isa = PBXBuildFile; fileRef = 8CA469F920FC4C8B00CC05CE /* pra_NSdateCompnents.m */; };
		8CA469FD20FC4CA800CC05CE /* pra_NSDecimaNumberHandler.m in Sources */ = {isa = PBXBuildFile; fileRef = 8CA469FC20FC4CA800CC05CE /* pra_NSDecimaNumberHandler.m */; };
		8CA46A0020FC4CBB00CC05CE /* pra_NSLocale.m in Sources */ = {isa = PBXBuildFile; fileRef = 8CA469FF20FC4CBB00CC05CE /* pra_NSLocale.m */; };
		8CA46A0320FC4CF200CC05CE /* pra_NSNull.m in Sources */ = {isa = PBXBuildFile; fileRef = 8CA46A0220FC4CF200CC05CE /* pra_NSNull.m */; };
		8CA46A0620FC4CFD00CC05CE /* pra_NStimeZone.m in Sources */ = {isa = PBXBuildFile; fileRef = 8CA46A0520FC4CFD00CC05CE /* pra_NStimeZone.m */; };
		8CA46A0920FC4D6700CC05CE /* pra_NSValue_about.m in Sources */ = {isa = PBXBuildFile; fileRef = 8CA46A0820FC4D6700CC05CE /* pra_NSValue_about.m */; };
		8CA46A0C20FC4DED00CC05CE /* pra_NSVaueTransformer.m in Sources */ = {isa = PBXBuildFile; fileRef = 8CA46A0B20FC4DED00CC05CE /* pra_NSVaueTransformer.m */; };
		8CA46A0F20FC4E0E00CC05CE /* pra_NSXMLParser.m in Sources */ = {isa = PBXBuildFile; fileRef = 8CA46A0E20FC4E0E00CC05CE /* pra_NSXMLParser.m */; };
		8CA46A1220FC4E5300CC05CE /* pra_NSAtttributeString_about.m in Sources */ = {isa = PBXBuildFile; fileRef = 8CA46A1120FC4E5300CC05CE /* pra_NSAtttributeString_about.m */; };
		8CA46A1520FC4E7500CC05CE /* pra_NSCharacterSet_about.m in Sources */ = {isa = PBXBuildFile; fileRef = 8CA46A1420FC4E7500CC05CE /* pra_NSCharacterSet_about.m */; };
		8CA46A1820FC4EB100CC05CE /* pra_NSformatter_about.m in Sources */ = {isa = PBXBuildFile; fileRef = 8CA46A1720FC4EB100CC05CE /* pra_NSformatter_about.m */; };
		8CA46A1B20FC4F7600CC05CE /* pra_NSScanner.m in Sources */ = {isa = PBXBuildFile; fileRef = 8CA46A1A20FC4F7600CC05CE /* pra_NSScanner.m */; };
		8CA46A1E20FC4F9B00CC05CE /* pra_NSSortDescriptor.m in Sources */ = {isa = PBXBuildFile; fileRef = 8CA46A1D20FC4F9B00CC05CE /* pra_NSSortDescriptor.m */; };
		8CA46A2120FC4FC300CC05CE /* pra_NSEnumerator_about.m in Sources */ = {isa = PBXBuildFile; fileRef = 8CA46A2020FC4FC300CC05CE /* pra_NSEnumerator_about.m */; };
		8CA46A2420FC4FEA00CC05CE /* pra_NSIndexPath.m in Sources */ = {isa = PBXBuildFile; fileRef = 8CA46A2320FC4FEA00CC05CE /* pra_NSIndexPath.m */; };
		8CA46A2720FC4FFC00CC05CE /* pra_NSIndexSet.m in Sources */ = {isa = PBXBuildFile; fileRef = 8CA46A2620FC4FFC00CC05CE /* pra_NSIndexSet.m */; };
		8CA46A2A20FC504900CC05CE /* pra_NSSet_about.m in Sources */ = {isa = PBXBuildFile; fileRef = 8CA46A2920FC504900CC05CE /* pra_NSSet_about.m */; };
		8CA46A2D20FC6F0100CC05CE /* pra_NSExpression.m in Sources */ = {isa = PBXBuildFile; fileRef = 8CA46A2C20FC6F0100CC05CE /* pra_NSExpression.m */; };
		8CA46A3020FC6F1300CC05CE /* pra_NSpredicate_about.m in Sources */ = {isa = PBXBuildFile; fileRef = 8CA46A2F20FC6F1300CC05CE /* pra_NSpredicate_about.m */; };
		96AADC1B20FCA1E800F554C3 /* pra_NSError.m in Sources */ = {isa = PBXBuildFile; fileRef = 96AADC1A20FCA1E800F554C3 /* pra_NSError.m */; };
/* End PBXBuildFile section */

/* Begin PBXFileReference section */
		8C4FB92A20FC4890004764DE /* practice_alex_h.app */ = {isa = PBXFileReference; explicitFileType = wrapper.application; includeInIndex = 0; path = practice_alex_h.app; sourceTree = BUILT_PRODUCTS_DIR; };
		8C4FB92D20FC4890004764DE /* AppDelegate.h */ = {isa = PBXFileReference; lastKnownFileType = sourcecode.c.h; path = AppDelegate.h; sourceTree = "<group>"; };
		8C4FB92E20FC4890004764DE /* AppDelegate.m */ = {isa = PBXFileReference; lastKnownFileType = sourcecode.c.objc; path = AppDelegate.m; sourceTree = "<group>"; };
		8C4FB93020FC4890004764DE /* ViewController.h */ = {isa = PBXFileReference; lastKnownFileType = sourcecode.c.h; path = ViewController.h; sourceTree = "<group>"; };
		8C4FB93120FC4890004764DE /* ViewController.m */ = {isa = PBXFileReference; lastKnownFileType = sourcecode.c.objc; path = ViewController.m; sourceTree = "<group>"; };
		8C4FB93420FC4890004764DE /* Base */ = {isa = PBXFileReference; lastKnownFileType = file.storyboard; name = Base; path = Base.lproj/Main.storyboard; sourceTree = "<group>"; };
		8C4FB93720FC4890004764DE /* practice_alex_h.xcdatamodel */ = {isa = PBXFileReference; lastKnownFileType = wrapper.xcdatamodel; path = practice_alex_h.xcdatamodel; sourceTree = "<group>"; };
		8C4FB93920FC4894004764DE /* Assets.xcassets */ = {isa = PBXFileReference; lastKnownFileType = folder.assetcatalog; path = Assets.xcassets; sourceTree = "<group>"; };
		8C4FB93C20FC4894004764DE /* Base */ = {isa = PBXFileReference; lastKnownFileType = file.storyboard; name = Base; path = Base.lproj/LaunchScreen.storyboard; sourceTree = "<group>"; };
		8C4FB93E20FC4894004764DE /* Info.plist */ = {isa = PBXFileReference; lastKnownFileType = text.plist.xml; path = Info.plist; sourceTree = "<group>"; };
		8C4FB93F20FC4894004764DE /* main.m */ = {isa = PBXFileReference; lastKnownFileType = sourcecode.c.objc; path = main.m; sourceTree = "<group>"; };
		8C4FB94720FC4951004764DE /* pra_NSAffineTransform.h */ = {isa = PBXFileReference; lastKnownFileType = sourcecode.c.h; path = pra_NSAffineTransform.h; sourceTree = "<group>"; };
		8C4FB94820FC4951004764DE /* pra_NSAffineTransform.m */ = {isa = PBXFileReference; lastKnownFileType = sourcecode.c.objc; path = pra_NSAffineTransform.m; sourceTree = "<group>"; };
		8CA469EC20FC4BF000CC05CE /* pra_NSClandar.h */ = {isa = PBXFileReference; lastKnownFileType = sourcecode.c.h; path = pra_NSClandar.h; sourceTree = "<group>"; };
		8CA469ED20FC4BF000CC05CE /* pra_NSClandar.m */ = {isa = PBXFileReference; lastKnownFileType = sourcecode.c.objc; path = pra_NSClandar.m; sourceTree = "<group>"; };
		8CA469EF20FC4BFC00CC05CE /* pra_NSCache.h */ = {isa = PBXFileReference; lastKnownFileType = sourcecode.c.h; path = pra_NSCache.h; sourceTree = "<group>"; };
		8CA469F020FC4BFC00CC05CE /* pra_NSCache.m */ = {isa = PBXFileReference; lastKnownFileType = sourcecode.c.objc; path = pra_NSCache.m; sourceTree = "<group>"; };
		8CA469F220FC4C2700CC05CE /* pra_NSdata_about.h */ = {isa = PBXFileReference; lastKnownFileType = sourcecode.c.h; path = pra_NSdata_about.h; sourceTree = "<group>"; };
		8CA469F320FC4C2700CC05CE /* pra_NSdata_about.m */ = {isa = PBXFileReference; lastKnownFileType = sourcecode.c.objc; path = pra_NSdata_about.m; sourceTree = "<group>"; };
		8CA469F520FC4C3800CC05CE /* pra_NSDate_about.h */ = {isa = PBXFileReference; lastKnownFileType = sourcecode.c.h; path = pra_NSDate_about.h; sourceTree = "<group>"; };
		8CA469F620FC4C3800CC05CE /* pra_NSDate_about.m */ = {isa = PBXFileReference; lastKnownFileType = sourcecode.c.objc; path = pra_NSDate_about.m; sourceTree = "<group>"; };
		8CA469F820FC4C8B00CC05CE /* pra_NSdateCompnents.h */ = {isa = PBXFileReference; lastKnownFileType = sourcecode.c.h; path = pra_NSdateCompnents.h; sourceTree = "<group>"; };
		8CA469F920FC4C8B00CC05CE /* pra_NSdateCompnents.m */ = {isa = PBXFileReference; lastKnownFileType = sourcecode.c.objc; path = pra_NSdateCompnents.m; sourceTree = "<group>"; };
		8CA469FB20FC4CA800CC05CE /* pra_NSDecimaNumberHandler.h */ = {isa = PBXFileReference; lastKnownFileType = sourcecode.c.h; path = pra_NSDecimaNumberHandler.h; sourceTree = "<group>"; };
		8CA469FC20FC4CA800CC05CE /* pra_NSDecimaNumberHandler.m */ = {isa = PBXFileReference; lastKnownFileType = sourcecode.c.objc; path = pra_NSDecimaNumberHandler.m; sourceTree = "<group>"; };
		8CA469FE20FC4CBB00CC05CE /* pra_NSLocale.h */ = {isa = PBXFileReference; lastKnownFileType = sourcecode.c.h; path = pra_NSLocale.h; sourceTree = "<group>"; };
		8CA469FF20FC4CBB00CC05CE /* pra_NSLocale.m */ = {isa = PBXFileReference; lastKnownFileType = sourcecode.c.objc; path = pra_NSLocale.m; sourceTree = "<group>"; };
		8CA46A0120FC4CF200CC05CE /* pra_NSNull.h */ = {isa = PBXFileReference; lastKnownFileType = sourcecode.c.h; path = pra_NSNull.h; sourceTree = "<group>"; };
		8CA46A0220FC4CF200CC05CE /* pra_NSNull.m */ = {isa = PBXFileReference; lastKnownFileType = sourcecode.c.objc; path = pra_NSNull.m; sourceTree = "<group>"; };
		8CA46A0420FC4CFD00CC05CE /* pra_NStimeZone.h */ = {isa = PBXFileReference; lastKnownFileType = sourcecode.c.h; path = pra_NStimeZone.h; sourceTree = "<group>"; };
		8CA46A0520FC4CFD00CC05CE /* pra_NStimeZone.m */ = {isa = PBXFileReference; lastKnownFileType = sourcecode.c.objc; path = pra_NStimeZone.m; sourceTree = "<group>"; };
		8CA46A0720FC4D6700CC05CE /* pra_NSValue_about.h */ = {isa = PBXFileReference; lastKnownFileType = sourcecode.c.h; path = pra_NSValue_about.h; sourceTree = "<group>"; };
		8CA46A0820FC4D6700CC05CE /* pra_NSValue_about.m */ = {isa = PBXFileReference; lastKnownFileType = sourcecode.c.objc; path = pra_NSValue_about.m; sourceTree = "<group>"; };
		8CA46A0A20FC4DED00CC05CE /* pra_NSVaueTransformer.h */ = {isa = PBXFileReference; lastKnownFileType = sourcecode.c.h; path = pra_NSVaueTransformer.h; sourceTree = "<group>"; };
		8CA46A0B20FC4DED00CC05CE /* pra_NSVaueTransformer.m */ = {isa = PBXFileReference; lastKnownFileType = sourcecode.c.objc; path = pra_NSVaueTransformer.m; sourceTree = "<group>"; };
		8CA46A0D20FC4E0E00CC05CE /* pra_NSXMLParser.h */ = {isa = PBXFileReference; lastKnownFileType = sourcecode.c.h; path = pra_NSXMLParser.h; sourceTree = "<group>"; };
		8CA46A0E20FC4E0E00CC05CE /* pra_NSXMLParser.m */ = {isa = PBXFileReference; lastKnownFileType = sourcecode.c.objc; path = pra_NSXMLParser.m; sourceTree = "<group>"; };
		8CA46A1020FC4E5300CC05CE /* pra_NSAtttributeString_about.h */ = {isa = PBXFileReference; lastKnownFileType = sourcecode.c.h; path = pra_NSAtttributeString_about.h; sourceTree = "<group>"; };
		8CA46A1120FC4E5300CC05CE /* pra_NSAtttributeString_about.m */ = {isa = PBXFileReference; lastKnownFileType = sourcecode.c.objc; path = pra_NSAtttributeString_about.m; sourceTree = "<group>"; };
		8CA46A1320FC4E7500CC05CE /* pra_NSCharacterSet_about.h */ = {isa = PBXFileReference; lastKnownFileType = sourcecode.c.h; path = pra_NSCharacterSet_about.h; sourceTree = "<group>"; };
		8CA46A1420FC4E7500CC05CE /* pra_NSCharacterSet_about.m */ = {isa = PBXFileReference; lastKnownFileType = sourcecode.c.objc; path = pra_NSCharacterSet_about.m; sourceTree = "<group>"; };
		8CA46A1620FC4EB100CC05CE /* pra_NSformatter_about.h */ = {isa = PBXFileReference; lastKnownFileType = sourcecode.c.h; path = pra_NSformatter_about.h; sourceTree = "<group>"; };
		8CA46A1720FC4EB100CC05CE /* pra_NSformatter_about.m */ = {isa = PBXFileReference; lastKnownFileType = sourcecode.c.objc; path = pra_NSformatter_about.m; sourceTree = "<group>"; };
		8CA46A1920FC4F7600CC05CE /* pra_NSScanner.h */ = {isa = PBXFileReference; lastKnownFileType = sourcecode.c.h; path = pra_NSScanner.h; sourceTree = "<group>"; };
		8CA46A1A20FC4F7600CC05CE /* pra_NSScanner.m */ = {isa = PBXFileReference; lastKnownFileType = sourcecode.c.objc; path = pra_NSScanner.m; sourceTree = "<group>"; };
		8CA46A1C20FC4F9B00CC05CE /* pra_NSSortDescriptor.h */ = {isa = PBXFileReference; lastKnownFileType = sourcecode.c.h; path = pra_NSSortDescriptor.h; sourceTree = "<group>"; };
		8CA46A1D20FC4F9B00CC05CE /* pra_NSSortDescriptor.m */ = {isa = PBXFileReference; lastKnownFileType = sourcecode.c.objc; path = pra_NSSortDescriptor.m; sourceTree = "<group>"; };
		8CA46A1F20FC4FC300CC05CE /* pra_NSEnumerator_about.h */ = {isa = PBXFileReference; lastKnownFileType = sourcecode.c.h; path = pra_NSEnumerator_about.h; sourceTree = "<group>"; };
		8CA46A2020FC4FC300CC05CE /* pra_NSEnumerator_about.m */ = {isa = PBXFileReference; lastKnownFileType = sourcecode.c.objc; path = pra_NSEnumerator_about.m; sourceTree = "<group>"; };
		8CA46A2220FC4FEA00CC05CE /* pra_NSIndexPath.h */ = {isa = PBXFileReference; lastKnownFileType = sourcecode.c.h; path = pra_NSIndexPath.h; sourceTree = "<group>"; };
		8CA46A2320FC4FEA00CC05CE /* pra_NSIndexPath.m */ = {isa = PBXFileReference; lastKnownFileType = sourcecode.c.objc; path = pra_NSIndexPath.m; sourceTree = "<group>"; };
		8CA46A2520FC4FFC00CC05CE /* pra_NSIndexSet.h */ = {isa = PBXFileReference; lastKnownFileType = sourcecode.c.h; path = pra_NSIndexSet.h; sourceTree = "<group>"; };
		8CA46A2620FC4FFC00CC05CE /* pra_NSIndexSet.m */ = {isa = PBXFileReference; lastKnownFileType = sourcecode.c.objc; path = pra_NSIndexSet.m; sourceTree = "<group>"; };
		8CA46A2820FC504900CC05CE /* pra_NSSet_about.h */ = {isa = PBXFileReference; lastKnownFileType = sourcecode.c.h; path = pra_NSSet_about.h; sourceTree = "<group>"; };
		8CA46A2920FC504900CC05CE /* pra_NSSet_about.m */ = {isa = PBXFileReference; lastKnownFileType = sourcecode.c.objc; path = pra_NSSet_about.m; sourceTree = "<group>"; };
		8CA46A2B20FC6F0100CC05CE /* pra_NSExpression.h */ = {isa = PBXFileReference; lastKnownFileType = sourcecode.c.h; path = pra_NSExpression.h; sourceTree = "<group>"; };
		8CA46A2C20FC6F0100CC05CE /* pra_NSExpression.m */ = {isa = PBXFileReference; lastKnownFileType = sourcecode.c.objc; path = pra_NSExpression.m; sourceTree = "<group>"; };
		8CA46A2E20FC6F1300CC05CE /* pra_NSpredicate_about.h */ = {isa = PBXFileReference; lastKnownFileType = sourcecode.c.h; path = pra_NSpredicate_about.h; sourceTree = "<group>"; };
		8CA46A2F20FC6F1300CC05CE /* pra_NSpredicate_about.m */ = {isa = PBXFileReference; lastKnownFileType = sourcecode.c.objc; path = pra_NSpredicate_about.m; sourceTree = "<group>"; };
		96AADC1920FCA1E800F554C3 /* pra_NSError.h */ = {isa = PBXFileReference; lastKnownFileType = sourcecode.c.h; path = pra_NSError.h; sourceTree = "<group>"; };
		96AADC1A20FCA1E800F554C3 /* pra_NSError.m */ = {isa = PBXFileReference; lastKnownFileType = sourcecode.c.objc; path = pra_NSError.m; sourceTree = "<group>"; };
/* End PBXFileReference section */

/* Begin PBXFrameworksBuildPhase section */
		8C4FB92720FC4890004764DE /* Frameworks */ = {
			isa = PBXFrameworksBuildPhase;
			buildActionMask = 2147483647;
			files = (
			);
			runOnlyForDeploymentPostprocessing = 0;
		};
/* End PBXFrameworksBuildPhase section */

/* Begin PBXGroup section */
		8C4FB92120FC4890004764DE = {
			isa = PBXGroup;
			children = (
				8C4FB92C20FC4890004764DE /* practice_alex_h */,
				8C4FB92B20FC4890004764DE /* Products */,
			);
			sourceTree = "<group>";
		};
		8C4FB92B20FC4890004764DE /* Products */ = {
			isa = PBXGroup;
			children = (
				8C4FB92A20FC4890004764DE /* practice_alex_h.app */,
			);
			name = Products;
			sourceTree = "<group>";
		};
		8C4FB92C20FC4890004764DE /* practice_alex_h */ = {
			isa = PBXGroup;
			children = (
				8C4FB92D20FC4890004764DE /* AppDelegate.h */,
				8C4FB92E20FC4890004764DE /* AppDelegate.m */,
				8C4FB93020FC4890004764DE /* ViewController.h */,
				8C4FB93120FC4890004764DE /* ViewController.m */,
				8C4FB94620FC48A9004764DE /*  nsobject_pra */,
				8C4FB93320FC4890004764DE /* Main.storyboard */,
				8C4FB93920FC4894004764DE /* Assets.xcassets */,
				8C4FB93B20FC4894004764DE /* LaunchScreen.storyboard */,
				8C4FB93E20FC4894004764DE /* Info.plist */,
				8C4FB93F20FC4894004764DE /* main.m */,
				8C4FB93620FC4890004764DE /* practice_alex_h.xcdatamodeld */,
			);
			path = practice_alex_h;
			sourceTree = "<group>";
		};
		8C4FB94620FC48A9004764DE /*  nsobject_pra */ = {
			isa = PBXGroup;
			children = (
				8C4FB94720FC4951004764DE /* pra_NSAffineTransform.h */,
				8C4FB94820FC4951004764DE /* pra_NSAffineTransform.m */,
				8CA469EC20FC4BF000CC05CE /* pra_NSClandar.h */,
				8CA469ED20FC4BF000CC05CE /* pra_NSClandar.m */,
				8CA469EF20FC4BFC00CC05CE /* pra_NSCache.h */,
				8CA469F020FC4BFC00CC05CE /* pra_NSCache.m */,
				8CA469F220FC4C2700CC05CE /* pra_NSdata_about.h */,
				8CA469F320FC4C2700CC05CE /* pra_NSdata_about.m */,
				8CA469F520FC4C3800CC05CE /* pra_NSDate_about.h */,
				8CA469F620FC4C3800CC05CE /* pra_NSDate_about.m */,
				8CA469F820FC4C8B00CC05CE /* pra_NSdateCompnents.h */,
				8CA469F920FC4C8B00CC05CE /* pra_NSdateCompnents.m */,
				8CA469FB20FC4CA800CC05CE /* pra_NSDecimaNumberHandler.h */,
				8CA469FC20FC4CA800CC05CE /* pra_NSDecimaNumberHandler.m */,
				8CA469FE20FC4CBB00CC05CE /* pra_NSLocale.h */,
				8CA469FF20FC4CBB00CC05CE /* pra_NSLocale.m */,
				8CA46A0120FC4CF200CC05CE /* pra_NSNull.h */,
				8CA46A0220FC4CF200CC05CE /* pra_NSNull.m */,
				8CA46A0420FC4CFD00CC05CE /* pra_NStimeZone.h */,
				8CA46A0520FC4CFD00CC05CE /* pra_NStimeZone.m */,
				8CA46A0720FC4D6700CC05CE /* pra_NSValue_about.h */,
				8CA46A0820FC4D6700CC05CE /* pra_NSValue_about.m */,
				8CA46A0A20FC4DED00CC05CE /* pra_NSVaueTransformer.h */,
				8CA46A0B20FC4DED00CC05CE /* pra_NSVaueTransformer.m */,
				8CA46A0D20FC4E0E00CC05CE /* pra_NSXMLParser.h */,
				8CA46A0E20FC4E0E00CC05CE /* pra_NSXMLParser.m */,
				8CA46A1020FC4E5300CC05CE /* pra_NSAtttributeString_about.h */,
				8CA46A1120FC4E5300CC05CE /* pra_NSAtttributeString_about.m */,
				8CA46A1320FC4E7500CC05CE /* pra_NSCharacterSet_about.h */,
				8CA46A1420FC4E7500CC05CE /* pra_NSCharacterSet_about.m */,
				8CA46A1620FC4EB100CC05CE /* pra_NSformatter_about.h */,
				8CA46A1720FC4EB100CC05CE /* pra_NSformatter_about.m */,
				8CA46A1920FC4F7600CC05CE /* pra_NSScanner.h */,
				8CA46A1A20FC4F7600CC05CE /* pra_NSScanner.m */,
				8CA46A1C20FC4F9B00CC05CE /* pra_NSSortDescriptor.h */,
				8CA46A1D20FC4F9B00CC05CE /* pra_NSSortDescriptor.m */,
				8CA46A1F20FC4FC300CC05CE /* pra_NSEnumerator_about.h */,
				8CA46A2020FC4FC300CC05CE /* pra_NSEnumerator_about.m */,
				8CA46A2220FC4FEA00CC05CE /* pra_NSIndexPath.h */,
				8CA46A2320FC4FEA00CC05CE /* pra_NSIndexPath.m */,
				8CA46A2520FC4FFC00CC05CE /* pra_NSIndexSet.h */,
				8CA46A2620FC4FFC00CC05CE /* pra_NSIndexSet.m */,
				8CA46A2820FC504900CC05CE /* pra_NSSet_about.h */,
				8CA46A2920FC504900CC05CE /* pra_NSSet_about.m */,
				8CA46A2B20FC6F0100CC05CE /* pra_NSExpression.h */,
				8CA46A2C20FC6F0100CC05CE /* pra_NSExpression.m */,
				8CA46A2E20FC6F1300CC05CE /* pra_NSpredicate_about.h */,
				8CA46A2F20FC6F1300CC05CE /* pra_NSpredicate_about.m */,
				96AADC1920FCA1E800F554C3 /* pra_NSError.h */,
				96AADC1A20FCA1E800F554C3 /* pra_NSError.m */,
			);
			name = " nsobject_pra";
			sourceTree = "<group>";
		};
/* End PBXGroup section */

/* Begin PBXNativeTarget section */
		8C4FB92920FC4890004764DE /* practice_alex_h */ = {
			isa = PBXNativeTarget;
			buildConfigurationList = 8C4FB94320FC4894004764DE /* Build configuration list for PBXNativeTarget "practice_alex_h" */;
			buildPhases = (
				8C4FB92620FC4890004764DE /* Sources */,
				8C4FB92720FC4890004764DE /* Frameworks */,
				8C4FB92820FC4890004764DE /* Resources */,
			);
			buildRules = (
			);
			dependencies = (
			);
			name = practice_alex_h;
			productName = practice_alex_h;
			productReference = 8C4FB92A20FC4890004764DE /* practice_alex_h.app */;
			productType = "com.apple.product-type.application";
		};
/* End PBXNativeTarget section */

/* Begin PBXProject section */
		8C4FB92220FC4890004764DE /* Project object */ = {
			isa = PBXProject;
			attributes = {
				CLASSPREFIX = pra_;
				LastUpgradeCheck = 0940;
				ORGANIZATIONNAME = testDemon;
				TargetAttributes = {
					8C4FB92920FC4890004764DE = {
						CreatedOnToolsVersion = 9.4.1;
					};
				};
			};
			buildConfigurationList = 8C4FB92520FC4890004764DE /* Build configuration list for PBXProject "practice_alex_h" */;
			compatibilityVersion = "Xcode 9.3";
			developmentRegion = en;
			hasScannedForEncodings = 0;
			knownRegions = (
				en,
				Base,
			);
			mainGroup = 8C4FB92120FC4890004764DE;
			productRefGroup = 8C4FB92B20FC4890004764DE /* Products */;
			projectDirPath = "";
			projectRoot = "";
			targets = (
				8C4FB92920FC4890004764DE /* practice_alex_h */,
			);
		};
/* End PBXProject section */

/* Begin PBXResourcesBuildPhase section */
		8C4FB92820FC4890004764DE /* Resources */ = {
			isa = PBXResourcesBuildPhase;
			buildActionMask = 2147483647;
			files = (
				8C4FB93D20FC4894004764DE /* LaunchScreen.storyboard in Resources */,
				8C4FB93A20FC4894004764DE /* Assets.xcassets in Resources */,
				8C4FB93520FC4890004764DE /* Main.storyboard in Resources */,
			);
			runOnlyForDeploymentPostprocessing = 0;
		};
/* End PBXResourcesBuildPhase section */

/* Begin PBXSourcesBuildPhase section */
		8C4FB92620FC4890004764DE /* Sources */ = {
			isa = PBXSourcesBuildPhase;
			buildActionMask = 2147483647;
			files = (
				96AADC1B20FCA1E800F554C3 /* pra_NSError.m in Sources */,
				8CA46A3020FC6F1300CC05CE /* pra_NSpredicate_about.m in Sources */,
				8CA469EE20FC4BF000CC05CE /* pra_NSClandar.m in Sources */,
				8CA46A2D20FC6F0100CC05CE /* pra_NSExpression.m in Sources */,
				8C4FB94920FC4951004764DE /* pra_NSAffineTransform.m in Sources */,
				8CA46A1520FC4E7500CC05CE /* pra_NSCharacterSet_about.m in Sources */,
				8CA46A1E20FC4F9B00CC05CE /* pra_NSSortDescriptor.m in Sources */,
				8C4FB93820FC4890004764DE /* practice_alex_h.xcdatamodeld in Sources */,
				8CA46A2120FC4FC300CC05CE /* pra_NSEnumerator_about.m in Sources */,
				8C4FB93220FC4890004764DE /* ViewController.m in Sources */,
				8CA469FA20FC4C8B00CC05CE /* pra_NSdateCompnents.m in Sources */,
				8CA46A2720FC4FFC00CC05CE /* pra_NSIndexSet.m in Sources */,
				8CA469F420FC4C2700CC05CE /* pra_NSdata_about.m in Sources */,
				8C4FB94020FC4894004764DE /* main.m in Sources */,
				8CA469FD20FC4CA800CC05CE /* pra_NSDecimaNumberHandler.m in Sources */,
				8CA46A0020FC4CBB00CC05CE /* pra_NSLocale.m in Sources */,
				8CA46A0C20FC4DED00CC05CE /* pra_NSVaueTransformer.m in Sources */,
				8CA46A0620FC4CFD00CC05CE /* pra_NStimeZone.m in Sources */,
				8C4FB92F20FC4890004764DE /* AppDelegate.m in Sources */,
				8CA46A0320FC4CF200CC05CE /* pra_NSNull.m in Sources */,
				8CA46A0920FC4D6700CC05CE /* pra_NSValue_about.m in Sources */,
				8CA46A1B20FC4F7600CC05CE /* pra_NSScanner.m in Sources */,
				8CA46A0F20FC4E0E00CC05CE /* pra_NSXMLParser.m in Sources */,
				8CA469F720FC4C3800CC05CE /* pra_NSDate_about.m in Sources */,
				8CA46A2420FC4FEA00CC05CE /* pra_NSIndexPath.m in Sources */,
				8CA469F120FC4BFC00CC05CE /* pra_NSCache.m in Sources */,
				8CA46A1220FC4E5300CC05CE /* pra_NSAtttributeString_about.m in Sources */,
				8CA46A1820FC4EB100CC05CE /* pra_NSformatter_about.m in Sources */,
				8CA46A2A20FC504900CC05CE /* pra_NSSet_about.m in Sources */,
			);
			runOnlyForDeploymentPostprocessing = 0;
		};
/* End PBXSourcesBuildPhase section */

/* Begin PBXVariantGroup section */
		8C4FB93320FC4890004764DE /* Main.storyboard */ = {
			isa = PBXVariantGroup;
			children = (
				8C4FB93420FC4890004764DE /* Base */,
			);
			name = Main.storyboard;
			sourceTree = "<group>";
		};
		8C4FB93B20FC4894004764DE /* LaunchScreen.storyboard */ = {
			isa = PBXVariantGroup;
			children = (
				8C4FB93C20FC4894004764DE /* Base */,
			);
			name = LaunchScreen.storyboard;
			sourceTree = "<group>";
		};
/* End PBXVariantGroup section */

/* Begin XCBuildConfiguration section */
		8C4FB94120FC4894004764DE /* Debug */ = {
			isa = XCBuildConfiguration;
			buildSettings = {
				ALWAYS_SEARCH_USER_PATHS = NO;
				CLANG_ANALYZER_NONNULL = YES;
				CLANG_ANALYZER_NUMBER_OBJECT_CONVERSION = YES_AGGRESSIVE;
				CLANG_CXX_LANGUAGE_STANDARD = "gnu++14";
				CLANG_CXX_LIBRARY = "libc++";
				CLANG_ENABLE_MODULES = YES;
				CLANG_ENABLE_OBJC_ARC = YES;
				CLANG_ENABLE_OBJC_WEAK = YES;
				CLANG_WARN_BLOCK_CAPTURE_AUTORELEASING = YES;
				CLANG_WARN_BOOL_CONVERSION = YES;
				CLANG_WARN_COMMA = YES;
				CLANG_WARN_CONSTANT_CONVERSION = YES;
				CLANG_WARN_DEPRECATED_OBJC_IMPLEMENTATIONS = YES;
				CLANG_WARN_DIRECT_OBJC_ISA_USAGE = YES_ERROR;
				CLANG_WARN_DOCUMENTATION_COMMENTS = YES;
				CLANG_WARN_EMPTY_BODY = YES;
				CLANG_WARN_ENUM_CONVERSION = YES;
				CLANG_WARN_INFINITE_RECURSION = YES;
				CLANG_WARN_INT_CONVERSION = YES;
				CLANG_WARN_NON_LITERAL_NULL_CONVERSION = YES;
				CLANG_WARN_OBJC_IMPLICIT_RETAIN_SELF = YES;
				CLANG_WARN_OBJC_LITERAL_CONVERSION = YES;
				CLANG_WARN_OBJC_ROOT_CLASS = YES_ERROR;
				CLANG_WARN_RANGE_LOOP_ANALYSIS = YES;
				CLANG_WARN_STRICT_PROTOTYPES = YES;
				CLANG_WARN_SUSPICIOUS_MOVE = YES;
				CLANG_WARN_UNGUARDED_AVAILABILITY = YES_AGGRESSIVE;
				CLANG_WARN_UNREACHABLE_CODE = YES;
				CLANG_WARN__DUPLICATE_METHOD_MATCH = YES;
				CODE_SIGN_IDENTITY = "iPhone Developer";
				COPY_PHASE_STRIP = NO;
				DEBUG_INFORMATION_FORMAT = dwarf;
				ENABLE_STRICT_OBJC_MSGSEND = YES;
				ENABLE_TESTABILITY = YES;
				GCC_C_LANGUAGE_STANDARD = gnu11;
				GCC_DYNAMIC_NO_PIC = NO;
				GCC_NO_COMMON_BLOCKS = YES;
				GCC_OPTIMIZATION_LEVEL = 0;
				GCC_PREPROCESSOR_DEFINITIONS = (
					"DEBUG=1",
					"$(inherited)",
				);
				GCC_WARN_64_TO_32_BIT_CONVERSION = YES;
				GCC_WARN_ABOUT_RETURN_TYPE = YES_ERROR;
				GCC_WARN_UNDECLARED_SELECTOR = YES;
				GCC_WARN_UNINITIALIZED_AUTOS = YES_AGGRESSIVE;
				GCC_WARN_UNUSED_FUNCTION = YES;
				GCC_WARN_UNUSED_VARIABLE = YES;
				IPHONEOS_DEPLOYMENT_TARGET = 11.4;
				MTL_ENABLE_DEBUG_INFO = YES;
				ONLY_ACTIVE_ARCH = YES;
				SDKROOT = iphoneos;
			};
			name = Debug;
		};
		8C4FB94220FC4894004764DE /* Release */ = {
			isa = XCBuildConfiguration;
			buildSettings = {
				ALWAYS_SEARCH_USER_PATHS = NO;
				CLANG_ANALYZER_NONNULL = YES;
				CLANG_ANALYZER_NUMBER_OBJECT_CONVERSION = YES_AGGRESSIVE;
				CLANG_CXX_LANGUAGE_STANDARD = "gnu++14";
				CLANG_CXX_LIBRARY = "libc++";
				CLANG_ENABLE_MODULES = YES;
				CLANG_ENABLE_OBJC_ARC = YES;
				CLANG_ENABLE_OBJC_WEAK = YES;
				CLANG_WARN_BLOCK_CAPTURE_AUTORELEASING = YES;
				CLANG_WARN_BOOL_CONVERSION = YES;
				CLANG_WARN_COMMA = YES;
				CLANG_WARN_CONSTANT_CONVERSION = YES;
				CLANG_WARN_DEPRECATED_OBJC_IMPLEMENTATIONS = YES;
				CLANG_WARN_DIRECT_OBJC_ISA_USAGE = YES_ERROR;
				CLANG_WARN_DOCUMENTATION_COMMENTS = YES;
				CLANG_WARN_EMPTY_BODY = YES;
				CLANG_WARN_ENUM_CONVERSION = YES;
				CLANG_WARN_INFINITE_RECURSION = YES;
				CLANG_WARN_INT_CONVERSION = YES;
				CLANG_WARN_NON_LITERAL_NULL_CONVERSION = YES;
				CLANG_WARN_OBJC_IMPLICIT_RETAIN_SELF = YES;
				CLANG_WARN_OBJC_LITERAL_CONVERSION = YES;
				CLANG_WARN_OBJC_ROOT_CLASS = YES_ERROR;
				CLANG_WARN_RANGE_LOOP_ANALYSIS = YES;
				CLANG_WARN_STRICT_PROTOTYPES = YES;
				CLANG_WARN_SUSPICIOUS_MOVE = YES;
				CLANG_WARN_UNGUARDED_AVAILABILITY = YES_AGGRESSIVE;
				CLANG_WARN_UNREACHABLE_CODE = YES;
				CLANG_WARN__DUPLICATE_METHOD_MATCH = YES;
				CODE_SIGN_IDENTITY = "iPhone Developer";
				COPY_PHASE_STRIP = NO;
				DEBUG_INFORMATION_FORMAT = "dwarf-with-dsym";
				ENABLE_NS_ASSERTIONS = NO;
				ENABLE_STRICT_OBJC_MSGSEND = YES;
				GCC_C_LANGUAGE_STANDARD = gnu11;
				GCC_NO_COMMON_BLOCKS = YES;
				GCC_WARN_64_TO_32_BIT_CONVERSION = YES;
				GCC_WARN_ABOUT_RETURN_TYPE = YES_ERROR;
				GCC_WARN_UNDECLARED_SELECTOR = YES;
				GCC_WARN_UNINITIALIZED_AUTOS = YES_AGGRESSIVE;
				GCC_WARN_UNUSED_FUNCTION = YES;
				GCC_WARN_UNUSED_VARIABLE = YES;
				IPHONEOS_DEPLOYMENT_TARGET = 11.4;
				MTL_ENABLE_DEBUG_INFO = NO;
				SDKROOT = iphoneos;
				VALIDATE_PRODUCT = YES;
			};
			name = Release;
		};
		8C4FB94420FC4894004764DE /* Debug */ = {
			isa = XCBuildConfiguration;
			buildSettings = {
				ASSETCATALOG_COMPILER_APPICON_NAME = AppIcon;
				CODE_SIGN_STYLE = Automatic;
				DEVELOPMENT_TEAM = 65Y6W33WZW;
				INFOPLIST_FILE = practice_alex_h/Info.plist;
				LD_RUNPATH_SEARCH_PATHS = (
					"$(inherited)",
					"@executable_path/Frameworks",
				);
				PRODUCT_BUNDLE_IDENTIFIER = "myself.practice-alex-h";
				PRODUCT_NAME = "$(TARGET_NAME)";
				TARGETED_DEVICE_FAMILY = "1,2";
			};
			name = Debug;
		};
		8C4FB94520FC4894004764DE /* Release */ = {
			isa = XCBuildConfiguration;
			buildSettings = {
				ASSETCATALOG_COMPILER_APPICON_NAME = AppIcon;
				CODE_SIGN_STYLE = Automatic;
				DEVELOPMENT_TEAM = 65Y6W33WZW;
				INFOPLIST_FILE = practice_alex_h/Info.plist;
				LD_RUNPATH_SEARCH_PATHS = (
					"$(inherited)",
					"@executable_path/Frameworks",
				);
				PRODUCT_BUNDLE_IDENTIFIER = "myself.practice-alex-h";
				PRODUCT_NAME = "$(TARGET_NAME)";
				TARGETED_DEVICE_FAMILY = "1,2";
			};
			name = Release;
		};
/* End XCBuildConfiguration section */

/* Begin XCConfigurationList section */
		8C4FB92520FC4890004764DE /* Build configuration list for PBXProject "practice_alex_h" */ = {
			isa = XCConfigurationList;
			buildConfigurations = (
				8C4FB94120FC4894004764DE /* Debug */,
				8C4FB94220FC4894004764DE /* Release */,
			);
			defaultConfigurationIsVisible = 0;
			defaultConfigurationName = Release;
		};
		8C4FB94320FC4894004764DE /* Build configuration list for PBXNativeTarget "practice_alex_h" */ = {
			isa = XCConfigurationList;
			buildConfigurations = (
				8C4FB94420FC4894004764DE /* Debug */,
				8C4FB94520FC4894004764DE /* Release */,
			);
			defaultConfigurationIsVisible = 0;
			defaultConfigurationName = Release;
		};
/* End XCConfigurationList section */

/* Begin XCVersionGroup section */
		8C4FB93620FC4890004764DE /* practice_alex_h.xcdatamodeld */ = {
			isa = XCVersionGroup;
			children = (
				8C4FB93720FC4890004764DE /* practice_alex_h.xcdatamodel */,
			);
			currentVersion = 8C4FB93720FC4890004764DE /* practice_alex_h.xcdatamodel */;
			path = practice_alex_h.xcdatamodeld;
			sourceTree = "<group>";
			versionGroupType = wrapper.xcdatamodel;
		};
/* End XCVersionGroup section */
	};
	rootObject = 8C4FB92220FC4890004764DE /* Project object */;
}
