// !$*UTF8*$!
{
	archiveVersion = 1;
	classes = {
	};
	objectVersion = 50;
	objects = {

/* Begin PBXBuildFile section */
		31D2DD9B090453CEB71AC7AC /* libPods-practice_alex_h.a in Frameworks */ = {isa = PBXBuildFile; fileRef = 2E7EE4C7C88556E4E3AFA082 /* libPods-practice_alex_h.a */; };
		8C4FB92F20FC4890004764DE /* h_AppDelegate.m in Sources */ = {isa = PBXBuildFile; fileRef = 8C4FB92E20FC4890004764DE /* h_AppDelegate.m */; };
		8C4FB93220FC4890004764DE /* ViewController.m in Sources */ = {isa = PBXBuildFile; fileRef = 8C4FB93120FC4890004764DE /* ViewController.m */; };
		8C4FB93820FC4890004764DE /* practice_alex_h.xcdatamodeld in Sources */ = {isa = PBXBuildFile; fileRef = 8C4FB93620FC4890004764DE /* practice_alex_h.xcdatamodeld */; };
		8C4FB93A20FC4894004764DE /* Assets.xcassets in Resources */ = {isa = PBXBuildFile; fileRef = 8C4FB93920FC4894004764DE /* Assets.xcassets */; };
		8C4FB94020FC4894004764DE /* main.m in Sources */ = {isa = PBXBuildFile; fileRef = 8C4FB93F20FC4894004764DE /* main.m */; };
		8C4FB94920FC4951004764DE /* pra_NSAffineTransform.m in Sources */ = {isa = PBXBuildFile; fileRef = 8C4FB94820FC4951004764DE /* pra_NSAffineTransform.m */; };
		8CA469EE20FC4BF000CC05CE /* pra_NSClandar.m in Sources */ = {isa = PBXBuildFile; fileRef = 8CA469ED20FC4BF000CC05CE /* pra_NSClandar.m */; };
		8CA469F120FC4BFC00CC05CE /* pra_NSCache.m in Sources */ = {isa = PBXBuildFile; fileRef = 8CA469F020FC4BFC00CC05CE /* pra_NSCache.m */; };
		8CA469F420FC4C2700CC05CE /* pra_NSdata_about.m in Sources */ = {isa = PBXBuildFile; fileRef = 8CA469F320FC4C2700CC05CE /* pra_NSdata_about.m */; };
		8CA469F720FC4C3800CC05CE /* pra_NSDate_about.m in Sources */ = {isa = PBXBuildFile; fileRef = 8CA469F620FC4C3800CC05CE /* pra_NSDate_about.m */; };
		8CA469FA20FC4C8B00CC05CE /* pra_NSdateCompnents.m in Sources */ = {isa = PBXBuildFile; fileRef = 8CA469F920FC4C8B00CC05CE /* pra_NSdateCompnents.m */; };
		8CA469FD20FC4CA800CC05CE /* pra_NSDecimaNumberHandler.m in Sources */ = {isa = PBXBuildFile; fileRef = 8CA469FC20FC4CA800CC05CE /* pra_NSDecimaNumberHandler.m */; };
		8CA46A0020FC4CBB00CC05CE /* pra_NSLocale.m in Sources */ = {isa = PBXBuildFile; fileRef = 8CA469FF20FC4CBB00CC05CE /* pra_NSLocale.m */; };
		8CA46A0320FC4CF200CC05CE /* pra_NSNull.m in Sources */ = {isa = PBXBuildFile; fileRef = 8CA46A0220FC4CF200CC05CE /* pra_NSNull.m */; };
		8CA46A0620FC4CFD00CC05CE /* pra_NStimeZone.m in Sources */ = {isa = PBXBuildFile; fileRef = 8CA46A0520FC4CFD00CC05CE /* pra_NStimeZone.m */; };
		8CA46A0920FC4D6700CC05CE /* pra_NSValue_about.m in Sources */ = {isa = PBXBuildFile; fileRef = 8CA46A0820FC4D6700CC05CE /* pra_NSValue_about.m */; };
		8CA46A0C20FC4DED00CC05CE /* pra_NSVaueTransformer.m in Sources */ = {isa = PBXBuildFile; fileRef = 8CA46A0B20FC4DED00CC05CE /* pra_NSVaueTransformer.m */; };
		8CA46A0F20FC4E0E00CC05CE /* pra_NSXMLParser.m in Sources */ = {isa = PBXBuildFile; fileRef = 8CA46A0E20FC4E0E00CC05CE /* pra_NSXMLParser.m */; };
		8CA46A1220FC4E5300CC05CE /* pra_NSAtttributeString_about.m in Sources */ = {isa = PBXBuildFile; fileRef = 8CA46A1120FC4E5300CC05CE /* pra_NSAtttributeString_about.m */; };
		8CA46A1520FC4E7500CC05CE /* pra_NSCharacterSet_about.m in Sources */ = {isa = PBXBuildFile; fileRef = 8CA46A1420FC4E7500CC05CE /* pra_NSCharacterSet_about.m */; };
		8CA46A1820FC4EB100CC05CE /* pra_NSformatter_about.m in Sources */ = {isa = PBXBuildFile; fileRef = 8CA46A1720FC4EB100CC05CE /* pra_NSformatter_about.m */; };
		8CA46A1B20FC4F7600CC05CE /* pra_NSScanner.m in Sources */ = {isa = PBXBuildFile; fileRef = 8CA46A1A20FC4F7600CC05CE /* pra_NSScanner.m */; };
		8CA46A1E20FC4F9B00CC05CE /* pra_NSSortDescriptor.m in Sources */ = {isa = PBXBuildFile; fileRef = 8CA46A1D20FC4F9B00CC05CE /* pra_NSSortDescriptor.m */; };
		8CA46A2120FC4FC300CC05CE /* pra_NSEnumerator_about.m in Sources */ = {isa = PBXBuildFile; fileRef = 8CA46A2020FC4FC300CC05CE /* pra_NSEnumerator_about.m */; };
		8CA46A2420FC4FEA00CC05CE /* pra_NSIndexPath.m in Sources */ = {isa = PBXBuildFile; fileRef = 8CA46A2320FC4FEA00CC05CE /* pra_NSIndexPath.m */; };
		8CA46A2720FC4FFC00CC05CE /* pra_NSIndexSet.m in Sources */ = {isa = PBXBuildFile; fileRef = 8CA46A2620FC4FFC00CC05CE /* pra_NSIndexSet.m */; };
		8CA46A2A20FC504900CC05CE /* pra_NSSet_about.m in Sources */ = {isa = PBXBuildFile; fileRef = 8CA46A2920FC504900CC05CE /* pra_NSSet_about.m */; };
		8CA46A2D20FC6F0100CC05CE /* pra_NSExpression.m in Sources */ = {isa = PBXBuildFile; fileRef = 8CA46A2C20FC6F0100CC05CE /* pra_NSExpression.m */; };
		8CA46A3020FC6F1300CC05CE /* pra_NSpredicate_about.m in Sources */ = {isa = PBXBuildFile; fileRef = 8CA46A2F20FC6F1300CC05CE /* pra_NSpredicate_about.m */; };
		964BF8552113FEF10049DD3E /* pra_NSbundle.m in Sources */ = {isa = PBXBuildFile; fileRef = 964BF8542113FEF10049DD3E /* pra_NSbundle.m */; };
		9664EACC2109806700E57176 /* libraryTest.a in Frameworks */ = {isa = PBXBuildFile; fileRef = 9664EACB2109806700E57176 /* libraryTest.a */; };
		9664EB1C2109B2CF00E57176 /* myFramewok.framework in Frameworks */ = {isa = PBXBuildFile; fileRef = 9664EB1B2109B2CF00E57176 /* myFramewok.framework */; };
		966A053A211A97F500033AE9 /* pra_MCustom_View.m in Sources */ = {isa = PBXBuildFile; fileRef = 966A0539211A97F500033AE9 /* pra_MCustom_View.m */; };
		966BFA64211947BE0062237E /* pra_Module_A.m in Sources */ = {isa = PBXBuildFile; fileRef = 966BFA63211947BE0062237E /* pra_Module_A.m */; };
		966BFA67211947D20062237E /* pra_Module_B.m in Sources */ = {isa = PBXBuildFile; fileRef = 966BFA66211947D20062237E /* pra_Module_B.m */; };
		966D595621057899003099A3 /* pra_ViewController_A.m in Sources */ = {isa = PBXBuildFile; fileRef = 966D595521057899003099A3 /* pra_ViewController_A.m */; };
		966D5959210578A5003099A3 /* pra_ViewController_B.m in Sources */ = {isa = PBXBuildFile; fileRef = 966D5958210578A5003099A3 /* pra_ViewController_B.m */; };
		9684AAA621003DE8003A995D /* pra_CommonTest.m in Sources */ = {isa = PBXBuildFile; fileRef = 9684AAA521003DE8003A995D /* pra_CommonTest.m */; };
		9684AAA921006436003A995D /* pra_bookProvider.m in Sources */ = {isa = PBXBuildFile; fileRef = 9684AAA821006436003A995D /* pra_bookProvider.m */; };
		9684AAAC21006453003A995D /* pra_clothesProvider.m in Sources */ = {isa = PBXBuildFile; fileRef = 9684AAAB21006453003A995D /* pra_clothesProvider.m */; };
		9684AAAF2100651C003A995D /* pra_DealProxy.m in Sources */ = {isa = PBXBuildFile; fileRef = 9684AAAE2100651C003A995D /* pra_DealProxy.m */; };
		96AADC1B20FCA1E800F554C3 /* pra_NSError.m in Sources */ = {isa = PBXBuildFile; fileRef = 96AADC1A20FCA1E800F554C3 /* pra_NSError.m */; };
/* End PBXBuildFile section */

/* Begin PBXFileReference section */
		2E7EE4C7C88556E4E3AFA082 /* libPods-practice_alex_h.a */ = {isa = PBXFileReference; explicitFileType = archive.ar; includeInIndex = 0; path = "libPods-practice_alex_h.a"; sourceTree = BUILT_PRODUCTS_DIR; };
		8C4FB92A20FC4890004764DE /* practice_alex_h.app */ = {isa = PBXFileReference; explicitFileType = wrapper.application; includeInIndex = 0; path = practice_alex_h.app; sourceTree = BUILT_PRODUCTS_DIR; };
		8C4FB92D20FC4890004764DE /* h_AppDelegate.h */ = {isa = PBXFileReference; lastKnownFileType = sourcecode.c.h; path = h_AppDelegate.h; sourceTree = "<group>"; };
		8C4FB92E20FC4890004764DE /* h_AppDelegate.m */ = {isa = PBXFileReference; lastKnownFileType = sourcecode.c.objc; path = h_AppDelegate.m; sourceTree = "<group>"; };
		8C4FB93020FC4890004764DE /* ViewController.h */ = {isa = PBXFileReference; lastKnownFileType = sourcecode.c.h; path = ViewController.h; sourceTree = "<group>"; };
		8C4FB93120FC4890004764DE /* ViewController.m */ = {isa = PBXFileReference; lastKnownFileType = sourcecode.c.objc; path = ViewController.m; sourceTree = "<group>"; };
		8C4FB93720FC4890004764DE /* practice_alex_h.xcdatamodel */ = {isa = PBXFileReference; lastKnownFileType = wrapper.xcdatamodel; path = practice_alex_h.xcdatamodel; sourceTree = "<group>"; };
		8C4FB93920FC4894004764DE /* Assets.xcassets */ = {isa = PBXFileReference; lastKnownFileType = folder.assetcatalog; path = Assets.xcassets; sourceTree = "<group>"; };
		8C4FB93E20FC4894004764DE /* Info.plist */ = {isa = PBXFileReference; lastKnownFileType = text.plist.xml; path = Info.plist; sourceTree = "<group>"; };
		8C4FB93F20FC4894004764DE /* main.m */ = {isa = PBXFileReference; lastKnownFileType = sourcecode.c.objc; path = main.m; sourceTree = "<group>"; };
		8C4FB94720FC4951004764DE /* pra_NSAffineTransform.h */ = {isa = PBXFileReference; lastKnownFileType = sourcecode.c.h; path = pra_NSAffineTransform.h; sourceTree = "<group>"; };
		8C4FB94820FC4951004764DE /* pra_NSAffineTransform.m */ = {isa = PBXFileReference; lastKnownFileType = sourcecode.c.objc; path = pra_NSAffineTransform.m; sourceTree = "<group>"; };
		8CA469EC20FC4BF000CC05CE /* pra_NSClandar.h */ = {isa = PBXFileReference; lastKnownFileType = sourcecode.c.h; path = pra_NSClandar.h; sourceTree = "<group>"; };
		8CA469ED20FC4BF000CC05CE /* pra_NSClandar.m */ = {isa = PBXFileReference; lastKnownFileType = sourcecode.c.objc; path = pra_NSClandar.m; sourceTree = "<group>"; };
		8CA469EF20FC4BFC00CC05CE /* pra_NSCache.h */ = {isa = PBXFileReference; lastKnownFileType = sourcecode.c.h; path = pra_NSCache.h; sourceTree = "<group>"; };
		8CA469F020FC4BFC00CC05CE /* pra_NSCache.m */ = {isa = PBXFileReference; lastKnownFileType = sourcecode.c.objc; path = pra_NSCache.m; sourceTree = "<group>"; };
		8CA469F220FC4C2700CC05CE /* pra_NSdata_about.h */ = {isa = PBXFileReference; lastKnownFileType = sourcecode.c.h; path = pra_NSdata_about.h; sourceTree = "<group>"; };
		8CA469F320FC4C2700CC05CE /* pra_NSdata_about.m */ = {isa = PBXFileReference; lastKnownFileType = sourcecode.c.objc; path = pra_NSdata_about.m; sourceTree = "<group>"; };
		8CA469F520FC4C3800CC05CE /* pra_NSDate_about.h */ = {isa = PBXFileReference; lastKnownFileType = sourcecode.c.h; path = pra_NSDate_about.h; sourceTree = "<group>"; };
		8CA469F620FC4C3800CC05CE /* pra_NSDate_about.m */ = {isa = PBXFileReference; lastKnownFileType = sourcecode.c.objc; path = pra_NSDate_about.m; sourceTree = "<group>"; };
		8CA469F820FC4C8B00CC05CE /* pra_NSdateCompnents.h */ = {isa = PBXFileReference; lastKnownFileType = sourcecode.c.h; path = pra_NSdateCompnents.h; sourceTree = "<group>"; };
		8CA469F920FC4C8B00CC05CE /* pra_NSdateCompnents.m */ = {isa = PBXFileReference; lastKnownFileType = sourcecode.c.objc; path = pra_NSdateCompnents.m; sourceTree = "<group>"; };
		8CA469FB20FC4CA800CC05CE /* pra_NSDecimaNumberHandler.h */ = {isa = PBXFileReference; lastKnownFileType = sourcecode.c.h; path = pra_NSDecimaNumberHandler.h; sourceTree = "<group>"; };
		8CA469FC20FC4CA800CC05CE /* pra_NSDecimaNumberHandler.m */ = {isa = PBXFileReference; lastKnownFileType = sourcecode.c.objc; path = pra_NSDecimaNumberHandler.m; sourceTree = "<group>"; };
		8CA469FE20FC4CBB00CC05CE /* pra_NSLocale.h */ = {isa = PBXFileReference; lastKnownFileType = sourcecode.c.h; path = pra_NSLocale.h; sourceTree = "<group>"; };
		8CA469FF20FC4CBB00CC05CE /* pra_NSLocale.m */ = {isa = PBXFileReference; lastKnownFileType = sourcecode.c.objc; path = pra_NSLocale.m; sourceTree = "<group>"; };
		8CA46A0120FC4CF200CC05CE /* pra_NSNull.h */ = {isa = PBXFileReference; lastKnownFileType = sourcecode.c.h; path = pra_NSNull.h; sourceTree = "<group>"; };
		8CA46A0220FC4CF200CC05CE /* pra_NSNull.m */ = {isa = PBXFileReference; lastKnownFileType = sourcecode.c.objc; path = pra_NSNull.m; sourceTree = "<group>"; };
		8CA46A0420FC4CFD00CC05CE /* pra_NStimeZone.h */ = {isa = PBXFileReference; lastKnownFileType = sourcecode.c.h; path = pra_NStimeZone.h; sourceTree = "<group>"; };
		8CA46A0520FC4CFD00CC05CE /* pra_NStimeZone.m */ = {isa = PBXFileReference; lastKnownFileType = sourcecode.c.objc; path = pra_NStimeZone.m; sourceTree = "<group>"; };
		8CA46A0720FC4D6700CC05CE /* pra_NSValue_about.h */ = {isa = PBXFileReference; lastKnownFileType = sourcecode.c.h; path = pra_NSValue_about.h; sourceTree = "<group>"; };
		8CA46A0820FC4D6700CC05CE /* pra_NSValue_about.m */ = {isa = PBXFileReference; lastKnownFileType = sourcecode.c.objc; path = pra_NSValue_about.m; sourceTree = "<group>"; };
		8CA46A0A20FC4DED00CC05CE /* pra_NSVaueTransformer.h */ = {isa = PBXFileReference; lastKnownFileType = sourcecode.c.h; path = pra_NSVaueTransformer.h; sourceTree = "<group>"; };
		8CA46A0B20FC4DED00CC05CE /* pra_NSVaueTransformer.m */ = {isa = PBXFileReference; lastKnownFileType = sourcecode.c.objc; path = pra_NSVaueTransformer.m; sourceTree = "<group>"; };
		8CA46A0D20FC4E0E00CC05CE /* pra_NSXMLParser.h */ = {isa = PBXFileReference; lastKnownFileType = sourcecode.c.h; path = pra_NSXMLParser.h; sourceTree = "<group>"; };
		8CA46A0E20FC4E0E00CC05CE /* pra_NSXMLParser.m */ = {isa = PBXFileReference; lastKnownFileType = sourcecode.c.objc; path = pra_NSXMLParser.m; sourceTree = "<group>"; };
		8CA46A1020FC4E5300CC05CE /* pra_NSAtttributeString_about.h */ = {isa = PBXFileReference; lastKnownFileType = sourcecode.c.h; path = pra_NSAtttributeString_about.h; sourceTree = "<group>"; };
		8CA46A1120FC4E5300CC05CE /* pra_NSAtttributeString_about.m */ = {isa = PBXFileReference; lastKnownFileType = sourcecode.c.objc; path = pra_NSAtttributeString_about.m; sourceTree = "<group>"; };
		8CA46A1320FC4E7500CC05CE /* pra_NSCharacterSet_about.h */ = {isa = PBXFileReference; lastKnownFileType = sourcecode.c.h; path = pra_NSCharacterSet_about.h; sourceTree = "<group>"; };
		8CA46A1420FC4E7500CC05CE /* pra_NSCharacterSet_about.m */ = {isa = PBXFileReference; lastKnownFileType = sourcecode.c.objc; path = pra_NSCharacterSet_about.m; sourceTree = "<group>"; };
		8CA46A1620FC4EB100CC05CE /* pra_NSformatter_about.h */ = {isa = PBXFileReference; lastKnownFileType = sourcecode.c.h; path = pra_NSformatter_about.h; sourceTree = "<group>"; };
		8CA46A1720FC4EB100CC05CE /* pra_NSformatter_about.m */ = {isa = PBXFileReference; lastKnownFileType = sourcecode.c.objc; path = pra_NSformatter_about.m; sourceTree = "<group>"; };
		8CA46A1920FC4F7600CC05CE /* pra_NSScanner.h */ = {isa = PBXFileReference; lastKnownFileType = sourcecode.c.h; path = pra_NSScanner.h; sourceTree = "<group>"; };
		8CA46A1A20FC4F7600CC05CE /* pra_NSScanner.m */ = {isa = PBXFileReference; lastKnownFileType = sourcecode.c.objc; path = pra_NSScanner.m; sourceTree = "<group>"; };
		8CA46A1C20FC4F9B00CC05CE /* pra_NSSortDescriptor.h */ = {isa = PBXFileReference; lastKnownFileType = sourcecode.c.h; path = pra_NSSortDescriptor.h; sourceTree = "<group>"; };
		8CA46A1D20FC4F9B00CC05CE /* pra_NSSortDescriptor.m */ = {isa = PBXFileReference; lastKnownFileType = sourcecode.c.objc; path = pra_NSSortDescriptor.m; sourceTree = "<group>"; };
		8CA46A1F20FC4FC300CC05CE /* pra_NSEnumerator_about.h */ = {isa = PBXFileReference; lastKnownFileType = sourcecode.c.h; path = pra_NSEnumerator_about.h; sourceTree = "<group>"; };
		8CA46A2020FC4FC300CC05CE /* pra_NSEnumerator_about.m */ = {isa = PBXFileReference; lastKnownFileType = sourcecode.c.objc; path = pra_NSEnumerator_about.m; sourceTree = "<group>"; };
		8CA46A2220FC4FEA00CC05CE /* pra_NSIndexPath.h */ = {isa = PBXFileReference; lastKnownFileType = sourcecode.c.h; path = pra_NSIndexPath.h; sourceTree = "<group>"; };
		8CA46A2320FC4FEA00CC05CE /* pra_NSIndexPath.m */ = {isa = PBXFileReference; lastKnownFileType = sourcecode.c.objc; path = pra_NSIndexPath.m; sourceTree = "<group>"; };
		8CA46A2520FC4FFC00CC05CE /* pra_NSIndexSet.h */ = {isa = PBXFileReference; lastKnownFileType = sourcecode.c.h; path = pra_NSIndexSet.h; sourceTree = "<group>"; };
		8CA46A2620FC4FFC00CC05CE /* pra_NSIndexSet.m */ = {isa = PBXFileReference; lastKnownFileType = sourcecode.c.objc; path = pra_NSIndexSet.m; sourceTree = "<group>"; };
		8CA46A2820FC504900CC05CE /* pra_NSSet_about.h */ = {isa = PBXFileReference; lastKnownFileType = sourcecode.c.h; path = pra_NSSet_about.h; sourceTree = "<group>"; };
		8CA46A2920FC504900CC05CE /* pra_NSSet_about.m */ = {isa = PBXFileReference; lastKnownFileType = sourcecode.c.objc; path = pra_NSSet_about.m; sourceTree = "<group>"; };
		8CA46A2B20FC6F0100CC05CE /* pra_NSExpression.h */ = {isa = PBXFileReference; lastKnownFileType = sourcecode.c.h; path = pra_NSExpression.h; sourceTree = "<group>"; };
		8CA46A2C20FC6F0100CC05CE /* pra_NSExpression.m */ = {isa = PBXFileReference; lastKnownFileType = sourcecode.c.objc; path = pra_NSExpression.m; sourceTree = "<group>"; };
		8CA46A2E20FC6F1300CC05CE /* pra_NSpredicate_about.h */ = {isa = PBXFileReference; lastKnownFileType = sourcecode.c.h; path = pra_NSpredicate_about.h; sourceTree = "<group>"; };
		8CA46A2F20FC6F1300CC05CE /* pra_NSpredicate_about.m */ = {isa = PBXFileReference; lastKnownFileType = sourcecode.c.objc; path = pra_NSpredicate_about.m; sourceTree = "<group>"; };
		964BF8532113FEF10049DD3E /* pra_NSbundle.h */ = {isa = PBXFileReference; lastKnownFileType = sourcecode.c.h; path = pra_NSbundle.h; sourceTree = "<group>"; };
		964BF8542113FEF10049DD3E /* pra_NSbundle.m */ = {isa = PBXFileReference; lastKnownFileType = sourcecode.c.objc; path = pra_NSbundle.m; sourceTree = "<group>"; };
		9664EACB2109806700E57176 /* libraryTest.a */ = {isa = PBXFileReference; lastKnownFileType = archive.ar; path = libraryTest.a; sourceTree = "<group>"; };
		9664EACD2109807500E57176 /* libraryTest.h */ = {isa = PBXFileReference; lastKnownFileType = sourcecode.c.h; path = libraryTest.h; sourceTree = "<group>"; };
		9664EB1B2109B2CF00E57176 /* myFramewok.framework */ = {isa = PBXFileReference; lastKnownFileType = wrapper.framework; path = myFramewok.framework; sourceTree = "<group>"; };
		966A0538211A97F500033AE9 /* pra_MCustom_View.h */ = {isa = PBXFileReference; lastKnownFileType = sourcecode.c.h; path = pra_MCustom_View.h; sourceTree = "<group>"; };
		966A0539211A97F500033AE9 /* pra_MCustom_View.m */ = {isa = PBXFileReference; lastKnownFileType = sourcecode.c.objc; path = pra_MCustom_View.m; sourceTree = "<group>"; };
		966BFA62211947BE0062237E /* pra_Module_A.h */ = {isa = PBXFileReference; lastKnownFileType = sourcecode.c.h; path = pra_Module_A.h; sourceTree = "<group>"; };
		966BFA63211947BE0062237E /* pra_Module_A.m */ = {isa = PBXFileReference; lastKnownFileType = sourcecode.c.objc; path = pra_Module_A.m; sourceTree = "<group>"; };
		966BFA65211947D20062237E /* pra_Module_B.h */ = {isa = PBXFileReference; lastKnownFileType = sourcecode.c.h; path = pra_Module_B.h; sourceTree = "<group>"; };
		966BFA66211947D20062237E /* pra_Module_B.m */ = {isa = PBXFileReference; lastKnownFileType = sourcecode.c.objc; path = pra_Module_B.m; sourceTree = "<group>"; };
		966BFA692119501F0062237E /* pra_BaseModule.h */ = {isa = PBXFileReference; lastKnownFileType = sourcecode.c.h; path = pra_BaseModule.h; sourceTree = "<group>"; };
		966D595421057899003099A3 /* pra_ViewController_A.h */ = {isa = PBXFileReference; lastKnownFileType = sourcecode.c.h; path = pra_ViewController_A.h; sourceTree = "<group>"; };
		966D595521057899003099A3 /* pra_ViewController_A.m */ = {isa = PBXFileReference; lastKnownFileType = sourcecode.c.objc; path = pra_ViewController_A.m; sourceTree = "<group>"; };
		966D5957210578A5003099A3 /* pra_ViewController_B.h */ = {isa = PBXFileReference; lastKnownFileType = sourcecode.c.h; path = pra_ViewController_B.h; sourceTree = "<group>"; };
		966D5958210578A5003099A3 /* pra_ViewController_B.m */ = {isa = PBXFileReference; lastKnownFileType = sourcecode.c.objc; path = pra_ViewController_B.m; sourceTree = "<group>"; };
		9684AAA421003DE8003A995D /* pra_CommonTest.h */ = {isa = PBXFileReference; lastKnownFileType = sourcecode.c.h; path = pra_CommonTest.h; sourceTree = "<group>"; };
		9684AAA521003DE8003A995D /* pra_CommonTest.m */ = {isa = PBXFileReference; lastKnownFileType = sourcecode.c.objc; path = pra_CommonTest.m; sourceTree = "<group>"; };
		9684AAA721006436003A995D /* pra_bookProvider.h */ = {isa = PBXFileReference; lastKnownFileType = sourcecode.c.h; path = pra_bookProvider.h; sourceTree = "<group>"; };
		9684AAA821006436003A995D /* pra_bookProvider.m */ = {isa = PBXFileReference; lastKnownFileType = sourcecode.c.objc; path = pra_bookProvider.m; sourceTree = "<group>"; };
		9684AAAA21006453003A995D /* pra_clothesProvider.h */ = {isa = PBXFileReference; lastKnownFileType = sourcecode.c.h; path = pra_clothesProvider.h; sourceTree = "<group>"; };
		9684AAAB21006453003A995D /* pra_clothesProvider.m */ = {isa = PBXFileReference; lastKnownFileType = sourcecode.c.objc; path = pra_clothesProvider.m; sourceTree = "<group>"; };
		9684AAAD2100651C003A995D /* pra_DealProxy.h */ = {isa = PBXFileReference; lastKnownFileType = sourcecode.c.h; path = pra_DealProxy.h; sourceTree = "<group>"; };
		9684AAAE2100651C003A995D /* pra_DealProxy.m */ = {isa = PBXFileReference; lastKnownFileType = sourcecode.c.objc; path = pra_DealProxy.m; sourceTree = "<group>"; };
		96AADC1920FCA1E800F554C3 /* pra_NSError.h */ = {isa = PBXFileReference; lastKnownFileType = sourcecode.c.h; path = pra_NSError.h; sourceTree = "<group>"; };
		96AADC1A20FCA1E800F554C3 /* pra_NSError.m */ = {isa = PBXFileReference; lastKnownFileType = sourcecode.c.objc; path = pra_NSError.m; sourceTree = "<group>"; };
		A54F60572498A436A50E9EF9 /* Pods-practice_alex_h.release.xcconfig */ = {isa = PBXFileReference; includeInIndex = 1; lastKnownFileType = text.xcconfig; name = "Pods-practice_alex_h.release.xcconfig"; path = "Pods/Target Support Files/Pods-practice_alex_h/Pods-practice_alex_h.release.xcconfig"; sourceTree = "<group>"; };
		B0E75BFCDB66EA8348919458 /* Pods-practice_alex_h.debug.xcconfig */ = {isa = PBXFileReference; includeInIndex = 1; lastKnownFileType = text.xcconfig; name = "Pods-practice_alex_h.debug.xcconfig"; path = "Pods/Target Support Files/Pods-practice_alex_h/Pods-practice_alex_h.debug.xcconfig"; sourceTree = "<group>"; };
/* End PBXFileReference section */

/* Begin PBXFrameworksBuildPhase section */
		8C4FB92720FC4890004764DE /* Frameworks */ = {
			isa = PBXFrameworksBuildPhase;
			buildActionMask = 2147483647;
			files = (
				9664EB1C2109B2CF00E57176 /* myFramewok.framework in Frameworks */,
				9664EACC2109806700E57176 /* libraryTest.a in Frameworks */,
				31D2DD9B090453CEB71AC7AC /* libPods-practice_alex_h.a in Frameworks */,
			);
			runOnlyForDeploymentPostprocessing = 0;
		};
/* End PBXFrameworksBuildPhase section */

/* Begin PBXGroup section */
		3413A73285627D08CA432605 /* Frameworks */ = {
			isa = PBXGroup;
			children = (
				2E7EE4C7C88556E4E3AFA082 /* libPods-practice_alex_h.a */,
			);
			name = Frameworks;
			sourceTree = "<group>";
		};
		87F6D0EBEC84181CAC2C969F /* Pods */ = {
			isa = PBXGroup;
			children = (
				B0E75BFCDB66EA8348919458 /* Pods-practice_alex_h.debug.xcconfig */,
				A54F60572498A436A50E9EF9 /* Pods-practice_alex_h.release.xcconfig */,
			);
			name = Pods;
			sourceTree = "<group>";
		};
		8C4FB92120FC4890004764DE = {
			isa = PBXGroup;
			children = (
				8C4FB92C20FC4890004764DE /* practice_alex_h */,
				8C4FB92B20FC4890004764DE /* Products */,
				87F6D0EBEC84181CAC2C969F /* Pods */,
				3413A73285627D08CA432605 /* Frameworks */,
			);
			sourceTree = "<group>";
		};
		8C4FB92B20FC4890004764DE /* Products */ = {
			isa = PBXGroup;
			children = (
				8C4FB92A20FC4890004764DE /* practice_alex_h.app */,
			);
			name = Products;
			sourceTree = "<group>";
		};
		8C4FB92C20FC4890004764DE /* practice_alex_h */ = {
			isa = PBXGroup;
			children = (
				966BFA55211946DE0062237E /* compenetTest */,
				9664EACE210980CB00E57176 /* frameWork */,
				9664EACA2109804000E57176 /* staticLib */,
				9684AAA321003DC0003A995D /* commonTest */,
				8C4FB92D20FC4890004764DE /* h_AppDelegate.h */,
				8C4FB92E20FC4890004764DE /* h_AppDelegate.m */,
				8C4FB93020FC4890004764DE /* ViewController.h */,
				8C4FB93120FC4890004764DE /* ViewController.m */,
				966D595421057899003099A3 /* pra_ViewController_A.h */,
				966D595521057899003099A3 /* pra_ViewController_A.m */,
				966D5957210578A5003099A3 /* pra_ViewController_B.h */,
				966D5958210578A5003099A3 /* pra_ViewController_B.m */,
				8C4FB94620FC48A9004764DE /*  nsobject_pra */,
				8C4FB93920FC4894004764DE /* Assets.xcassets */,
				8C4FB93E20FC4894004764DE /* Info.plist */,
				8C4FB93F20FC4894004764DE /* main.m */,
				8C4FB93620FC4890004764DE /* practice_alex_h.xcdatamodeld */,
			);
			path = practice_alex_h;
			sourceTree = "<group>";
		};
		8C4FB94620FC48A9004764DE /*  nsobject_pra */ = {
			isa = PBXGroup;
			children = (
				8C4FB94720FC4951004764DE /* pra_NSAffineTransform.h */,
				8C4FB94820FC4951004764DE /* pra_NSAffineTransform.m */,
				8CA469EC20FC4BF000CC05CE /* pra_NSClandar.h */,
				8CA469ED20FC4BF000CC05CE /* pra_NSClandar.m */,
				8CA469EF20FC4BFC00CC05CE /* pra_NSCache.h */,
				8CA469F020FC4BFC00CC05CE /* pra_NSCache.m */,
				8CA469F220FC4C2700CC05CE /* pra_NSdata_about.h */,
				8CA469F320FC4C2700CC05CE /* pra_NSdata_about.m */,
				8CA469F520FC4C3800CC05CE /* pra_NSDate_about.h */,
				8CA469F620FC4C3800CC05CE /* pra_NSDate_about.m */,
				8CA469F820FC4C8B00CC05CE /* pra_NSdateCompnents.h */,
				8CA469F920FC4C8B00CC05CE /* pra_NSdateCompnents.m */,
				8CA469FB20FC4CA800CC05CE /* pra_NSDecimaNumberHandler.h */,
				8CA469FC20FC4CA800CC05CE /* pra_NSDecimaNumberHandler.m */,
				8CA469FE20FC4CBB00CC05CE /* pra_NSLocale.h */,
				8CA469FF20FC4CBB00CC05CE /* pra_NSLocale.m */,
				8CA46A0120FC4CF200CC05CE /* pra_NSNull.h */,
				8CA46A0220FC4CF200CC05CE /* pra_NSNull.m */,
				8CA46A0420FC4CFD00CC05CE /* pra_NStimeZone.h */,
				8CA46A0520FC4CFD00CC05CE /* pra_NStimeZone.m */,
				8CA46A0720FC4D6700CC05CE /* pra_NSValue_about.h */,
				8CA46A0820FC4D6700CC05CE /* pra_NSValue_about.m */,
				8CA46A0A20FC4DED00CC05CE /* pra_NSVaueTransformer.h */,
				8CA46A0B20FC4DED00CC05CE /* pra_NSVaueTransformer.m */,
				8CA46A0D20FC4E0E00CC05CE /* pra_NSXMLParser.h */,
				8CA46A0E20FC4E0E00CC05CE /* pra_NSXMLParser.m */,
				8CA46A1020FC4E5300CC05CE /* pra_NSAtttributeString_about.h */,
				8CA46A1120FC4E5300CC05CE /* pra_NSAtttributeString_about.m */,
				8CA46A1320FC4E7500CC05CE /* pra_NSCharacterSet_about.h */,
				8CA46A1420FC4E7500CC05CE /* pra_NSCharacterSet_about.m */,
				8CA46A1620FC4EB100CC05CE /* pra_NSformatter_about.h */,
				8CA46A1720FC4EB100CC05CE /* pra_NSformatter_about.m */,
				8CA46A1920FC4F7600CC05CE /* pra_NSScanner.h */,
				8CA46A1A20FC4F7600CC05CE /* pra_NSScanner.m */,
				8CA46A1C20FC4F9B00CC05CE /* pra_NSSortDescriptor.h */,
				8CA46A1D20FC4F9B00CC05CE /* pra_NSSortDescriptor.m */,
				8CA46A1F20FC4FC300CC05CE /* pra_NSEnumerator_about.h */,
				8CA46A2020FC4FC300CC05CE /* pra_NSEnumerator_about.m */,
				8CA46A2220FC4FEA00CC05CE /* pra_NSIndexPath.h */,
				8CA46A2320FC4FEA00CC05CE /* pra_NSIndexPath.m */,
				8CA46A2520FC4FFC00CC05CE /* pra_NSIndexSet.h */,
				8CA46A2620FC4FFC00CC05CE /* pra_NSIndexSet.m */,
				8CA46A2820FC504900CC05CE /* pra_NSSet_about.h */,
				8CA46A2920FC504900CC05CE /* pra_NSSet_about.m */,
				8CA46A2B20FC6F0100CC05CE /* pra_NSExpression.h */,
				8CA46A2C20FC6F0100CC05CE /* pra_NSExpression.m */,
				8CA46A2E20FC6F1300CC05CE /* pra_NSpredicate_about.h */,
				8CA46A2F20FC6F1300CC05CE /* pra_NSpredicate_about.m */,
				96AADC1920FCA1E800F554C3 /* pra_NSError.h */,
				96AADC1A20FCA1E800F554C3 /* pra_NSError.m */,
				964BF8532113FEF10049DD3E /* pra_NSbundle.h */,
				964BF8542113FEF10049DD3E /* pra_NSbundle.m */,
			);
			name = " nsobject_pra";
			sourceTree = "<group>";
		};
		9664EACA2109804000E57176 /* staticLib */ = {
			isa = PBXGroup;
			children = (
				9664EACD2109807500E57176 /* libraryTest.h */,
				9664EACB2109806700E57176 /* libraryTest.a */,
			);
			name = staticLib;
			sourceTree = "<group>";
		};
		9664EACE210980CB00E57176 /* frameWork */ = {
			isa = PBXGroup;
			children = (
				9664EB1B2109B2CF00E57176 /* myFramewok.framework */,
			);
			name = frameWork;
			sourceTree = "<group>";
		};
		966A0537211A97A600033AE9 /* customVIew */ = {
			isa = PBXGroup;
			children = (
				966A0538211A97F500033AE9 /* pra_MCustom_View.h */,
				966A0539211A97F500033AE9 /* pra_MCustom_View.m */,
			);
			name = customVIew;
			sourceTree = "<group>";
		};
		966BFA55211946DE0062237E /* compenetTest */ = {
			isa = PBXGroup;
			children = (
				966BFA58211947130062237E /* alex_module */,
				966BFA57211947090062237E /* alex_router */,
				966BFA56211946F10062237E /* alex_protocol */,
			);
			name = compenetTest;
			sourceTree = "<group>";
		};
		966BFA56211946F10062237E /* alex_protocol */ = {
			isa = PBXGroup;
			children = (
				966BFA692119501F0062237E /* pra_BaseModule.h */,
			);
			name = alex_protocol;
			sourceTree = "<group>";
		};
		966BFA57211947090062237E /* alex_router */ = {
			isa = PBXGroup;
			children = (
			);
			name = alex_router;
			sourceTree = "<group>";
		};
		966BFA58211947130062237E /* alex_module */ = {
			isa = PBXGroup;
			children = (
				966BFA62211947BE0062237E /* pra_Module_A.h */,
				966BFA63211947BE0062237E /* pra_Module_A.m */,
				966BFA65211947D20062237E /* pra_Module_B.h */,
				966BFA66211947D20062237E /* pra_Module_B.m */,
			);
			name = alex_module;
			sourceTree = "<group>";
		};
		9684AAA321003DC0003A995D /* commonTest */ = {
			isa = PBXGroup;
			children = (
				966A0537211A97A600033AE9 /* customVIew */,
				9684AAA421003DE8003A995D /* pra_CommonTest.h */,
				9684AAA521003DE8003A995D /* pra_CommonTest.m */,
				9684AAA721006436003A995D /* pra_bookProvider.h */,
				9684AAA821006436003A995D /* pra_bookProvider.m */,
				9684AAAA21006453003A995D /* pra_clothesProvider.h */,
				9684AAAB21006453003A995D /* pra_clothesProvider.m */,
				9684AAAD2100651C003A995D /* pra_DealProxy.h */,
				9684AAAE2100651C003A995D /* pra_DealProxy.m */,
			);
			name = commonTest;
			sourceTree = "<group>";
		};
/* End PBXGroup section */

/* Begin PBXNativeTarget section */
		8C4FB92920FC4890004764DE /* practice_alex_h */ = {
			isa = PBXNativeTarget;
			buildConfigurationList = 8C4FB94320FC4894004764DE /* Build configuration list for PBXNativeTarget "practice_alex_h" */;
			buildPhases = (
				FCD7A7D1F4363A19CDCA52DA /* [CP] Check Pods Manifest.lock */,
				8C4FB92620FC4890004764DE /* Sources */,
				8C4FB92720FC4890004764DE /* Frameworks */,
				8C4FB92820FC4890004764DE /* Resources */,
				FD0A957F7092827E05FAAAAC /* [CP] Copy Pods Resources */,
			);
			buildRules = (
			);
			dependencies = (
			);
			name = practice_alex_h;
			productName = practice_alex_h;
			productReference = 8C4FB92A20FC4890004764DE /* practice_alex_h.app */;
			productType = "com.apple.product-type.application";
		};
/* End PBXNativeTarget section */

/* Begin PBXProject section */
		8C4FB92220FC4890004764DE /* Project object */ = {
			isa = PBXProject;
			attributes = {
				CLASSPREFIX = pra_;
				LastUpgradeCheck = 0940;
				ORGANIZATIONNAME = testDemon;
				TargetAttributes = {
					8C4FB92920FC4890004764DE = {
						CreatedOnToolsVersion = 9.4.1;
					};
				};
			};
			buildConfigurationList = 8C4FB92520FC4890004764DE /* Build configuration list for PBXProject "practice_alex_h" */;
			compatibilityVersion = "Xcode 9.3";
			developmentRegion = en;
			hasScannedForEncodings = 0;
			knownRegions = (
				en,
				Base,
			);
			mainGroup = 8C4FB92120FC4890004764DE;
			productRefGroup = 8C4FB92B20FC4890004764DE /* Products */;
			projectDirPath = "";
			projectRoot = "";
			targets = (
				8C4FB92920FC4890004764DE /* practice_alex_h */,
			);
		};
/* End PBXProject section */

/* Begin PBXResourcesBuildPhase section */
		8C4FB92820FC4890004764DE /* Resources */ = {
			isa = PBXResourcesBuildPhase;
			buildActionMask = 2147483647;
			files = (
				8C4FB93A20FC4894004764DE /* Assets.xcassets in Resources */,
			);
			runOnlyForDeploymentPostprocessing = 0;
		};
/* End PBXResourcesBuildPhase section */

/* Begin PBXShellScriptBuildPhase section */
		FCD7A7D1F4363A19CDCA52DA /* [CP] Check Pods Manifest.lock */ = {
			isa = PBXShellScriptBuildPhase;
			buildActionMask = 2147483647;
			files = (
			);
			inputPaths = (
				"${PODS_PODFILE_DIR_PATH}/Podfile.lock",
				"${PODS_ROOT}/Manifest.lock",
			);
			name = "[CP] Check Pods Manifest.lock";
			outputPaths = (
				"$(DERIVED_FILE_DIR)/Pods-practice_alex_h-checkManifestLockResult.txt",
			);
			runOnlyForDeploymentPostprocessing = 0;
			shellPath = /bin/sh;
			shellScript = "diff \"${PODS_PODFILE_DIR_PATH}/Podfile.lock\" \"${PODS_ROOT}/Manifest.lock\" > /dev/null\nif [ $? != 0 ] ; then\n    # print error to STDERR\n    echo \"error: The sandbox is not in sync with the Podfile.lock. Run 'pod install' or update your CocoaPods installation.\" >&2\n    exit 1\nfi\n# This output is used by Xcode 'outputs' to avoid re-running this script phase.\necho \"SUCCESS\" > \"${SCRIPT_OUTPUT_FILE_0}\"\n";
			showEnvVarsInLog = 0;
		};
		FD0A957F7092827E05FAAAAC /* [CP] Copy Pods Resources */ = {
			isa = PBXShellScriptBuildPhase;
			buildActionMask = 2147483647;
			files = (
			);
			inputPaths = (
				"${SRCROOT}/Pods/Target Support Files/Pods-practice_alex_h/Pods-practice_alex_h-resources.sh",
				"${PODS_ROOT}/MagicWindowSDK/MagicWindowSDK/MagicWindowSDK/MagicWindow.bundle",
			);
			name = "[CP] Copy Pods Resources";
			outputPaths = (
				"${TARGET_BUILD_DIR}/${UNLOCALIZED_RESOURCES_FOLDER_PATH}/MagicWindow.bundle",
			);
			runOnlyForDeploymentPostprocessing = 0;
			shellPath = /bin/sh;
			shellScript = "\"${SRCROOT}/Pods/Target Support Files/Pods-practice_alex_h/Pods-practice_alex_h-resources.sh\"\n";
			showEnvVarsInLog = 0;
		};
/* End PBXShellScriptBuildPhase section */

/* Begin PBXSourcesBuildPhase section */
		8C4FB92620FC4890004764DE /* Sources */ = {
			isa = PBXSourcesBuildPhase;
			buildActionMask = 2147483647;
			files = (
				96AADC1B20FCA1E800F554C3 /* pra_NSError.m in Sources */,
				966BFA64211947BE0062237E /* pra_Module_A.m in Sources */,
				966A053A211A97F500033AE9 /* pra_MCustom_View.m in Sources */,
				8CA46A3020FC6F1300CC05CE /* pra_NSpredicate_about.m in Sources */,
				8CA469EE20FC4BF000CC05CE /* pra_NSClandar.m in Sources */,
				8CA46A2D20FC6F0100CC05CE /* pra_NSExpression.m in Sources */,
				9684AAA921006436003A995D /* pra_bookProvider.m in Sources */,
				8C4FB94920FC4951004764DE /* pra_NSAffineTransform.m in Sources */,
				966D595621057899003099A3 /* pra_ViewController_A.m in Sources */,
				8CA46A1520FC4E7500CC05CE /* pra_NSCharacterSet_about.m in Sources */,
				8CA46A1E20FC4F9B00CC05CE /* pra_NSSortDescriptor.m in Sources */,
				8C4FB93820FC4890004764DE /* practice_alex_h.xcdatamodeld in Sources */,
				9684AAA621003DE8003A995D /* pra_CommonTest.m in Sources */,
				8CA46A2120FC4FC300CC05CE /* pra_NSEnumerator_about.m in Sources */,
				8C4FB93220FC4890004764DE /* ViewController.m in Sources */,
				8CA469FA20FC4C8B00CC05CE /* pra_NSdateCompnents.m in Sources */,
				964BF8552113FEF10049DD3E /* pra_NSbundle.m in Sources */,
				8CA46A2720FC4FFC00CC05CE /* pra_NSIndexSet.m in Sources */,
				8CA469F420FC4C2700CC05CE /* pra_NSdata_about.m in Sources */,
				9684AAAC21006453003A995D /* pra_clothesProvider.m in Sources */,
				8C4FB94020FC4894004764DE /* main.m in Sources */,
				8CA469FD20FC4CA800CC05CE /* pra_NSDecimaNumberHandler.m in Sources */,
				966BFA67211947D20062237E /* pra_Module_B.m in Sources */,
				8CA46A0020FC4CBB00CC05CE /* pra_NSLocale.m in Sources */,
				8CA46A0C20FC4DED00CC05CE /* pra_NSVaueTransformer.m in Sources */,
				8CA46A0620FC4CFD00CC05CE /* pra_NStimeZone.m in Sources */,
				8C4FB92F20FC4890004764DE /* h_AppDelegate.m in Sources */,
				8CA46A0320FC4CF200CC05CE /* pra_NSNull.m in Sources */,
				8CA46A0920FC4D6700CC05CE /* pra_NSValue_about.m in Sources */,
				8CA46A1B20FC4F7600CC05CE /* pra_NSScanner.m in Sources */,
				8CA46A0F20FC4E0E00CC05CE /* pra_NSXMLParser.m in Sources */,
				8CA469F720FC4C3800CC05CE /* pra_NSDate_about.m in Sources */,
				8CA46A2420FC4FEA00CC05CE /* pra_NSIndexPath.m in Sources */,
				8CA469F120FC4BFC00CC05CE /* pra_NSCache.m in Sources */,
				8CA46A1220FC4E5300CC05CE /* pra_NSAtttributeString_about.m in Sources */,
				966D5959210578A5003099A3 /* pra_ViewController_B.m in Sources */,
				8CA46A1820FC4EB100CC05CE /* pra_NSformatter_about.m in Sources */,
				9684AAAF2100651C003A995D /* pra_DealProxy.m in Sources */,
				8CA46A2A20FC504900CC05CE /* pra_NSSet_about.m in Sources */,
			);
			runOnlyForDeploymentPostprocessing = 0;
		};
/* End PBXSourcesBuildPhase section */

/* Begin XCBuildConfiguration section */
		8C4FB94120FC4894004764DE /* Debug */ = {
			isa = XCBuildConfiguration;
			buildSettings = {
				ALWAYS_SEARCH_USER_PATHS = NO;
				CLANG_ANALYZER_NONNULL = YES;
				CLANG_ANALYZER_NUMBER_OBJECT_CONVERSION = YES_AGGRESSIVE;
				CLANG_CXX_LANGUAGE_STANDARD = "gnu++14";
				CLANG_CXX_LIBRARY = "libc++";
				CLANG_ENABLE_MODULES = YES;
				CLANG_ENABLE_OBJC_ARC = YES;
				CLANG_ENABLE_OBJC_WEAK = YES;
				CLANG_WARN_BLOCK_CAPTURE_AUTORELEASING = YES;
				CLANG_WARN_BOOL_CONVERSION = YES;
				CLANG_WARN_COMMA = YES;
				CLANG_WARN_CONSTANT_CONVERSION = YES;
				CLANG_WARN_DEPRECATED_OBJC_IMPLEMENTATIONS = YES;
				CLANG_WARN_DIRECT_OBJC_ISA_USAGE = YES_ERROR;
				CLANG_WARN_DOCUMENTATION_COMMENTS = YES;
				CLANG_WARN_EMPTY_BODY = YES;
				CLANG_WARN_ENUM_CONVERSION = YES;
				CLANG_WARN_INFINITE_RECURSION = YES;
				CLANG_WARN_INT_CONVERSION = YES;
				CLANG_WARN_NON_LITERAL_NULL_CONVERSION = YES;
				CLANG_WARN_OBJC_IMPLICIT_RETAIN_SELF = YES;
				CLANG_WARN_OBJC_LITERAL_CONVERSION = YES;
				CLANG_WARN_OBJC_ROOT_CLASS = YES_ERROR;
				CLANG_WARN_RANGE_LOOP_ANALYSIS = YES;
				CLANG_WARN_STRICT_PROTOTYPES = YES;
				CLANG_WARN_SUSPICIOUS_MOVE = YES;
				CLANG_WARN_UNGUARDED_AVAILABILITY = YES_AGGRESSIVE;
				CLANG_WARN_UNREACHABLE_CODE = YES;
				CLANG_WARN__DUPLICATE_METHOD_MATCH = YES;
				CODE_SIGN_IDENTITY = "iPhone Developer";
				COPY_PHASE_STRIP = NO;
				DEBUG_INFORMATION_FORMAT = dwarf;
				ENABLE_STRICT_OBJC_MSGSEND = YES;
				ENABLE_TESTABILITY = YES;
				GCC_C_LANGUAGE_STANDARD = gnu11;
				GCC_DYNAMIC_NO_PIC = NO;
				GCC_NO_COMMON_BLOCKS = YES;
				GCC_OPTIMIZATION_LEVEL = 0;
				GCC_PREPROCESSOR_DEFINITIONS = (
					"DEBUG=1",
					"$(inherited)",
				);
				GCC_WARN_64_TO_32_BIT_CONVERSION = YES;
				GCC_WARN_ABOUT_RETURN_TYPE = YES_ERROR;
				GCC_WARN_UNDECLARED_SELECTOR = YES;
				GCC_WARN_UNINITIALIZED_AUTOS = YES_AGGRESSIVE;
				GCC_WARN_UNUSED_FUNCTION = YES;
				GCC_WARN_UNUSED_VARIABLE = YES;
				IPHONEOS_DEPLOYMENT_TARGET = 11.4;
				MTL_ENABLE_DEBUG_INFO = YES;
				ONLY_ACTIVE_ARCH = YES;
				SDKROOT = iphoneos;
			};
			name = Debug;
		};
		8C4FB94220FC4894004764DE /* Release */ = {
			isa = XCBuildConfiguration;
			buildSettings = {
				ALWAYS_SEARCH_USER_PATHS = NO;
				CLANG_ANALYZER_NONNULL = YES;
				CLANG_ANALYZER_NUMBER_OBJECT_CONVERSION = YES_AGGRESSIVE;
				CLANG_CXX_LANGUAGE_STANDARD = "gnu++14";
				CLANG_CXX_LIBRARY = "libc++";
				CLANG_ENABLE_MODULES = YES;
				CLANG_ENABLE_OBJC_ARC = YES;
				CLANG_ENABLE_OBJC_WEAK = YES;
				CLANG_WARN_BLOCK_CAPTURE_AUTORELEASING = YES;
				CLANG_WARN_BOOL_CONVERSION = YES;
				CLANG_WARN_COMMA = YES;
				CLANG_WARN_CONSTANT_CONVERSION = YES;
				CLANG_WARN_DEPRECATED_OBJC_IMPLEMENTATIONS = YES;
				CLANG_WARN_DIRECT_OBJC_ISA_USAGE = YES_ERROR;
				CLANG_WARN_DOCUMENTATION_COMMENTS = YES;
				CLANG_WARN_EMPTY_BODY = YES;
				CLANG_WARN_ENUM_CONVERSION = YES;
				CLANG_WARN_INFINITE_RECURSION = YES;
				CLANG_WARN_INT_CONVERSION = YES;
				CLANG_WARN_NON_LITERAL_NULL_CONVERSION = YES;
				CLANG_WARN_OBJC_IMPLICIT_RETAIN_SELF = YES;
				CLANG_WARN_OBJC_LITERAL_CONVERSION = YES;
				CLANG_WARN_OBJC_ROOT_CLASS = YES_ERROR;
				CLANG_WARN_RANGE_LOOP_ANALYSIS = YES;
				CLANG_WARN_STRICT_PROTOTYPES = YES;
				CLANG_WARN_SUSPICIOUS_MOVE = YES;
				CLANG_WARN_UNGUARDED_AVAILABILITY = YES_AGGRESSIVE;
				CLANG_WARN_UNREACHABLE_CODE = YES;
				CLANG_WARN__DUPLICATE_METHOD_MATCH = YES;
				CODE_SIGN_IDENTITY = "iPhone Developer";
				COPY_PHASE_STRIP = NO;
				DEBUG_INFORMATION_FORMAT = "dwarf-with-dsym";
				ENABLE_NS_ASSERTIONS = NO;
				ENABLE_STRICT_OBJC_MSGSEND = YES;
				GCC_C_LANGUAGE_STANDARD = gnu11;
				GCC_NO_COMMON_BLOCKS = YES;
				GCC_WARN_64_TO_32_BIT_CONVERSION = YES;
				GCC_WARN_ABOUT_RETURN_TYPE = YES_ERROR;
				GCC_WARN_UNDECLARED_SELECTOR = YES;
				GCC_WARN_UNINITIALIZED_AUTOS = YES_AGGRESSIVE;
				GCC_WARN_UNUSED_FUNCTION = YES;
				GCC_WARN_UNUSED_VARIABLE = YES;
				IPHONEOS_DEPLOYMENT_TARGET = 11.4;
				MTL_ENABLE_DEBUG_INFO = NO;
				SDKROOT = iphoneos;
				VALIDATE_PRODUCT = YES;
			};
			name = Release;
		};
		8C4FB94420FC4894004764DE /* Debug */ = {
			isa = XCBuildConfiguration;
			baseConfigurationReference = B0E75BFCDB66EA8348919458 /* Pods-practice_alex_h.debug.xcconfig */;
			buildSettings = {
				ASSETCATALOG_COMPILER_APPICON_NAME = AppIcon;
				CODE_SIGN_STYLE = Automatic;
				DEVELOPMENT_TEAM = 65Y6W33WZW;
				FRAMEWORK_SEARCH_PATHS = (
					"$(inherited)",
					"$(PROJECT_DIR)/practice_alex_h",
				);
				INFOPLIST_FILE = practice_alex_h/Info.plist;
				IPHONEOS_DEPLOYMENT_TARGET = 10.0;
				LD_RUNPATH_SEARCH_PATHS = (
					"$(inherited)",
					"@executable_path/Frameworks",
				);
				LIBRARY_SEARCH_PATHS = (
					"$(inherited)",
					"$(PROJECT_DIR)/practice_alex_h",
					"\"$(SRCROOT)/myFramework.framework\"/**",
				);
				PRODUCT_BUNDLE_IDENTIFIER = "myself.practice-alex-h";
				PRODUCT_NAME = "$(TARGET_NAME)";
				TARGETED_DEVICE_FAMILY = "1,2";
			};
			name = Debug;
		};
		8C4FB94520FC4894004764DE /* Release */ = {
			isa = XCBuildConfiguration;
			baseConfigurationReference = A54F60572498A436A50E9EF9 /* Pods-practice_alex_h.release.xcconfig */;
			buildSettings = {
				ASSETCATALOG_COMPILER_APPICON_NAME = AppIcon;
				CODE_SIGN_STYLE = Automatic;
				DEVELOPMENT_TEAM = 65Y6W33WZW;
				FRAMEWORK_SEARCH_PATHS = (
					"$(inherited)",
					"$(PROJECT_DIR)/practice_alex_h",
				);
				INFOPLIST_FILE = practice_alex_h/Info.plist;
				IPHONEOS_DEPLOYMENT_TARGET = 10.0;
				LD_RUNPATH_SEARCH_PATHS = (
					"$(inherited)",
					"@executable_path/Frameworks",
				);
				LIBRARY_SEARCH_PATHS = (
					"$(inherited)",
					"$(PROJECT_DIR)/practice_alex_h",
					"\"$(SRCROOT)/myFramework.framework\"/**",
				);
				PRODUCT_BUNDLE_IDENTIFIER = "myself.practice-alex-h";
				PRODUCT_NAME = "$(TARGET_NAME)";
				TARGETED_DEVICE_FAMILY = "1,2";
			};
			name = Release;
		};
/* End XCBuildConfiguration section */

/* Begin XCConfigurationList section */
		8C4FB92520FC4890004764DE /* Build configuration list for PBXProject "practice_alex_h" */ = {
			isa = XCConfigurationList;
			buildConfigurations = (
				8C4FB94120FC4894004764DE /* Debug */,
				8C4FB94220FC4894004764DE /* Release */,
			);
			defaultConfigurationIsVisible = 0;
			defaultConfigurationName = Release;
		};
		8C4FB94320FC4894004764DE /* Build configuration list for PBXNativeTarget "practice_alex_h" */ = {
			isa = XCConfigurationList;
			buildConfigurations = (
				8C4FB94420FC4894004764DE /* Debug */,
				8C4FB94520FC4894004764DE /* Release */,
			);
			defaultConfigurationIsVisible = 0;
			defaultConfigurationName = Release;
		};
/* End XCConfigurationList section */

/* Begin XCVersionGroup section */
		8C4FB93620FC4890004764DE /* practice_alex_h.xcdatamodeld */ = {
			isa = XCVersionGroup;
			children = (
				8C4FB93720FC4890004764DE /* practice_alex_h.xcdatamodel */,
			);
			currentVersion = 8C4FB93720FC4890004764DE /* practice_alex_h.xcdatamodel */;
			path = practice_alex_h.xcdatamodeld;
			sourceTree = "<group>";
			versionGroupType = wrapper.xcdatamodel;
		};
/* End XCVersionGroup section */
	};
	rootObject = 8C4FB92220FC4890004764DE /* Project object */;
}
